// !$*UTF8*$!
{
	archiveVersion = 1;
	classes = {
	};
	objectVersion = 50;
	objects = {

/* Begin PBXBuildFile section */
		2334AC6A2122712E00694ED7 /* AppDelegate.m in Sources */ = {isa = PBXBuildFile; fileRef = 2334AC692122712E00694ED7 /* AppDelegate.m */; };
		2334AC702122712E00694ED7 /* Main.storyboard in Resources */ = {isa = PBXBuildFile; fileRef = 2334AC6E2122712E00694ED7 /* Main.storyboard */; };
		2334AC722122713000694ED7 /* Assets.xcassets in Resources */ = {isa = PBXBuildFile; fileRef = 2334AC712122713000694ED7 /* Assets.xcassets */; };
		2334AC752122713000694ED7 /* LaunchScreen.storyboard in Resources */ = {isa = PBXBuildFile; fileRef = 2334AC732122713000694ED7 /* LaunchScreen.storyboard */; };
		2334AC782122713000694ED7 /* main.m in Sources */ = {isa = PBXBuildFile; fileRef = 2334AC772122713000694ED7 /* main.m */; };
		2342C51C214106B8003B682A /* SendOutTableViewCell.m in Sources */ = {isa = PBXBuildFile; fileRef = 2342C51A214106B8003B682A /* SendOutTableViewCell.m */; };
		2342C51D214106B8003B682A /* SendOutTableViewCell.xib in Resources */ = {isa = PBXBuildFile; fileRef = 2342C51B214106B8003B682A /* SendOutTableViewCell.xib */; };
		2342C52021410C94003B682A /* SendOutModel.m in Sources */ = {isa = PBXBuildFile; fileRef = 2342C51F21410C94003B682A /* SendOutModel.m */; };
		234C3086213CD36700C13551 /* RegisterViewController.m in Sources */ = {isa = PBXBuildFile; fileRef = 234C3084213CD36700C13551 /* RegisterViewController.m */; };
		234C3087213CD36700C13551 /* RegisterViewController.xib in Resources */ = {isa = PBXBuildFile; fileRef = 234C3085213CD36700C13551 /* RegisterViewController.xib */; };
		234C30A0213CE7BA00C13551 /* HomePageViewController.m in Sources */ = {isa = PBXBuildFile; fileRef = 234C309F213CE7BA00C13551 /* HomePageViewController.m */; };
		234C30A3213CE7C900C13551 /* MakeDealViewController.m in Sources */ = {isa = PBXBuildFile; fileRef = 234C30A2213CE7C900C13551 /* MakeDealViewController.m */; };
		234C30A9213CE7E200C13551 /* RegisterBrandViewController.m in Sources */ = {isa = PBXBuildFile; fileRef = 234C30A8213CE7E200C13551 /* RegisterBrandViewController.m */; };
		234C30AC213CE7EC00C13551 /* MineViewController.m in Sources */ = {isa = PBXBuildFile; fileRef = 234C30AB213CE7EC00C13551 /* MineViewController.m */; };
		234C30B1213D13DF00C13551 /* HomePageModel.m in Sources */ = {isa = PBXBuildFile; fileRef = 234C30B0213D13DF00C13551 /* HomePageModel.m */; };
		234C30B6213D180900C13551 /* CSParseManager.m in Sources */ = {isa = PBXBuildFile; fileRef = 234C30B5213D180900C13551 /* CSParseManager.m */; };
		234C30BA213D1D6E00C13551 /* HomePageTableViewCell.m in Sources */ = {isa = PBXBuildFile; fileRef = 234C30B8213D1D6E00C13551 /* HomePageTableViewCell.m */; };
		234C30BB213D1D6E00C13551 /* HomePageTableViewCell.xib in Resources */ = {isa = PBXBuildFile; fileRef = 234C30B9213D1D6E00C13551 /* HomePageTableViewCell.xib */; };
		2367024D21509883006C512E /* NewApplyPersonButtonTableViewCell.m in Sources */ = {isa = PBXBuildFile; fileRef = 2367024B21509883006C512E /* NewApplyPersonButtonTableViewCell.m */; };
		2367024E21509883006C512E /* NewApplyPersonButtonTableViewCell.xib in Resources */ = {isa = PBXBuildFile; fileRef = 2367024C21509883006C512E /* NewApplyPersonButtonTableViewCell.xib */; };
		236702522150992E006C512E /* NewApplyPersonImageViewTableViewCell.m in Sources */ = {isa = PBXBuildFile; fileRef = 236702502150992E006C512E /* NewApplyPersonImageViewTableViewCell.m */; };
		236702532150992E006C512E /* NewApplyPersonImageViewTableViewCell.xib in Resources */ = {isa = PBXBuildFile; fileRef = 236702512150992E006C512E /* NewApplyPersonImageViewTableViewCell.xib */; };
		2367025721509A3C006C512E /* NewApplyPersonTextFieldTableViewCell.m in Sources */ = {isa = PBXBuildFile; fileRef = 2367025521509A3C006C512E /* NewApplyPersonTextFieldTableViewCell.m */; };
		2367025821509A3C006C512E /* NewApplyPersonTextFieldTableViewCell.xib in Resources */ = {isa = PBXBuildFile; fileRef = 2367025621509A3C006C512E /* NewApplyPersonTextFieldTableViewCell.xib */; };
		2367025B21509ACA006C512E /* NewApplyPersonModel.m in Sources */ = {isa = PBXBuildFile; fileRef = 2367025A21509ACA006C512E /* NewApplyPersonModel.m */; };
		236702672150C7E8006C512E /* CZHAddressPickerView.m in Sources */ = {isa = PBXBuildFile; fileRef = 2367025F2150C7E8006C512E /* CZHAddressPickerView.m */; };
		236702682150C7E8006C512E /* city.plist in Resources */ = {isa = PBXBuildFile; fileRef = 236702642150C7E8006C512E /* city.plist */; };
		236702692150C7E8006C512E /* UIView+CZHExtension.m in Sources */ = {isa = PBXBuildFile; fileRef = 236702652150C7E8006C512E /* UIView+CZHExtension.m */; };
		2367026A2150C7E8006C512E /* UIButton+CZHExtension.m in Sources */ = {isa = PBXBuildFile; fileRef = 236702662150C7E8006C512E /* UIButton+CZHExtension.m */; };
		2367026E2151F8A7006C512E /* superClassId.json in Resources */ = {isa = PBXBuildFile; fileRef = 2367026D2151F8A6006C512E /* superClassId.json */; };
		236702712151FBAC006C512E /* SuperClassIdModel.m in Sources */ = {isa = PBXBuildFile; fileRef = 236702702151FBAC006C512E /* SuperClassIdModel.m */; };
		236702752151FC4D006C512E /* SuperClassIdTableViewCell.m in Sources */ = {isa = PBXBuildFile; fileRef = 236702732151FC4D006C512E /* SuperClassIdTableViewCell.m */; };
		236702762151FC4D006C512E /* SuperClassIdTableViewCell.xib in Resources */ = {isa = PBXBuildFile; fileRef = 236702742151FC4D006C512E /* SuperClassIdTableViewCell.xib */; };
		2367027821521839006C512E /* category.json in Resources */ = {isa = PBXBuildFile; fileRef = 2367027721521838006C512E /* category.json */; };
		2367027B21521AA7006C512E /* CategoryClassIdModel.m in Sources */ = {isa = PBXBuildFile; fileRef = 2367027A21521AA7006C512E /* CategoryClassIdModel.m */; };
		2367027F21521D6A006C512E /* RegisterSecondStepCollectionViewCell.m in Sources */ = {isa = PBXBuildFile; fileRef = 2367027D21521D6A006C512E /* RegisterSecondStepCollectionViewCell.m */; };
		2367028021521D6A006C512E /* RegisterSecondStepCollectionViewCell.xib in Resources */ = {isa = PBXBuildFile; fileRef = 2367027E21521D6A006C512E /* RegisterSecondStepCollectionViewCell.xib */; };
		236C0D12214B973400FE58D4 /* RegisterFirstStepViewController.m in Sources */ = {isa = PBXBuildFile; fileRef = 236C0D10214B973400FE58D4 /* RegisterFirstStepViewController.m */; };
		236C0D13214B973400FE58D4 /* RegisterFirstStepViewController.xib in Resources */ = {isa = PBXBuildFile; fileRef = 236C0D11214B973400FE58D4 /* RegisterFirstStepViewController.xib */; };
		236C0D1F214BA8E900FE58D4 /* SelectPhotoManager.m in Sources */ = {isa = PBXBuildFile; fileRef = 236C0D1E214BA8E900FE58D4 /* SelectPhotoManager.m */; };
		236C0D23214BAA5E00FE58D4 /* RegisterFirstStepImageTableViewCell.m in Sources */ = {isa = PBXBuildFile; fileRef = 236C0D21214BAA5E00FE58D4 /* RegisterFirstStepImageTableViewCell.m */; };
		236C0D24214BAA5E00FE58D4 /* RegisterFirstStepImageTableViewCell.xib in Resources */ = {isa = PBXBuildFile; fileRef = 236C0D22214BAA5E00FE58D4 /* RegisterFirstStepImageTableViewCell.xib */; };
		236C0D28214BB2B000FE58D4 /* RegisterFirstStepExplainTableViewCell.m in Sources */ = {isa = PBXBuildFile; fileRef = 236C0D26214BB2B000FE58D4 /* RegisterFirstStepExplainTableViewCell.m */; };
		236C0D29214BB2B000FE58D4 /* RegisterFirstStepExplainTableViewCell.xib in Resources */ = {isa = PBXBuildFile; fileRef = 236C0D27214BB2B000FE58D4 /* RegisterFirstStepExplainTableViewCell.xib */; };
		236C0D2D214BB6C100FE58D4 /* RegisterFirstStepButtonTableViewCell.m in Sources */ = {isa = PBXBuildFile; fileRef = 236C0D2B214BB6C100FE58D4 /* RegisterFirstStepButtonTableViewCell.m */; };
		236C0D2E214BB6C100FE58D4 /* RegisterFirstStepButtonTableViewCell.xib in Resources */ = {isa = PBXBuildFile; fileRef = 236C0D2C214BB6C100FE58D4 /* RegisterFirstStepButtonTableViewCell.xib */; };
		236C0D32214BB8B000FE58D4 /* RegisterFirstStepApplyPersonTableViewCell.m in Sources */ = {isa = PBXBuildFile; fileRef = 236C0D30214BB8B000FE58D4 /* RegisterFirstStepApplyPersonTableViewCell.m */; };
		236C0D33214BB8B000FE58D4 /* RegisterFirstStepApplyPersonTableViewCell.xib in Resources */ = {isa = PBXBuildFile; fileRef = 236C0D31214BB8B000FE58D4 /* RegisterFirstStepApplyPersonTableViewCell.xib */; };
		236C0D37214BB92300FE58D4 /* RegisterFirstStepNameTableViewCell.m in Sources */ = {isa = PBXBuildFile; fileRef = 236C0D35214BB92300FE58D4 /* RegisterFirstStepNameTableViewCell.m */; };
		236C0D38214BB92300FE58D4 /* RegisterFirstStepNameTableViewCell.xib in Resources */ = {isa = PBXBuildFile; fileRef = 236C0D36214BB92300FE58D4 /* RegisterFirstStepNameTableViewCell.xib */; };
		236C0D3C214BD4AE00FE58D4 /* RegisterSecondStepViewController.m in Sources */ = {isa = PBXBuildFile; fileRef = 236C0D3A214BD4AE00FE58D4 /* RegisterSecondStepViewController.m */; };
		236C0D3D214BD4AE00FE58D4 /* RegisterSecondStepViewController.xib in Resources */ = {isa = PBXBuildFile; fileRef = 236C0D3B214BD4AE00FE58D4 /* RegisterSecondStepViewController.xib */; };
		236C0D42214F7EE600FE58D4 /* CSTitleSearchView.m in Sources */ = {isa = PBXBuildFile; fileRef = 236C0D41214F7EE600FE58D4 /* CSTitleSearchView.m */; };
		236C0D46214F9EE000FE58D4 /* MineTableViewCell.m in Sources */ = {isa = PBXBuildFile; fileRef = 236C0D44214F9EE000FE58D4 /* MineTableViewCell.m */; };
		236C0D47214F9EE000FE58D4 /* MineTableViewCell.xib in Resources */ = {isa = PBXBuildFile; fileRef = 236C0D45214F9EE000FE58D4 /* MineTableViewCell.xib */; };
		236C0D4A214FA72700FE58D4 /* TwoKindsSendOutViewController.m in Sources */ = {isa = PBXBuildFile; fileRef = 236C0D49214FA72700FE58D4 /* TwoKindsSendOutViewController.m */; };
		236C0D58214FC8EB00FE58D4 /* SendOutBrandViewController.m in Sources */ = {isa = PBXBuildFile; fileRef = 236C0D56214FC8EB00FE58D4 /* SendOutBrandViewController.m */; };
		236C0D59214FC8EB00FE58D4 /* SendOutBrandViewController.xib in Resources */ = {isa = PBXBuildFile; fileRef = 236C0D57214FC8EB00FE58D4 /* SendOutBrandViewController.xib */; };
		236C0D5D214FCEC700FE58D4 /* SendOutBrandTableViewCell.m in Sources */ = {isa = PBXBuildFile; fileRef = 236C0D5B214FCEC700FE58D4 /* SendOutBrandTableViewCell.m */; };
		236C0D5E214FCEC700FE58D4 /* SendOutBrandTableViewCell.xib in Resources */ = {isa = PBXBuildFile; fileRef = 236C0D5C214FCEC700FE58D4 /* SendOutBrandTableViewCell.xib */; };
		236C0D62214FDADA00FE58D4 /* MySendOutBrandViewController.m in Sources */ = {isa = PBXBuildFile; fileRef = 236C0D60214FDADA00FE58D4 /* MySendOutBrandViewController.m */; };
		236C0D63214FDADA00FE58D4 /* MySendOutBrandViewController.xib in Resources */ = {isa = PBXBuildFile; fileRef = 236C0D61214FDADA00FE58D4 /* MySendOutBrandViewController.xib */; };
		236C0D67214FDAEF00FE58D4 /* MyRegisterBrandViewController.m in Sources */ = {isa = PBXBuildFile; fileRef = 236C0D65214FDAEF00FE58D4 /* MyRegisterBrandViewController.m */; };
		236C0D68214FDAEF00FE58D4 /* MyRegisterBrandViewController.xib in Resources */ = {isa = PBXBuildFile; fileRef = 236C0D66214FDAEF00FE58D4 /* MyRegisterBrandViewController.xib */; };
		236C0D6C214FDB4000FE58D4 /* ApplyPersonListViewController.m in Sources */ = {isa = PBXBuildFile; fileRef = 236C0D6A214FDB4000FE58D4 /* ApplyPersonListViewController.m */; };
		236C0D6D214FDB4000FE58D4 /* ApplyPersonListViewController.xib in Resources */ = {isa = PBXBuildFile; fileRef = 236C0D6B214FDB4000FE58D4 /* ApplyPersonListViewController.xib */; };
		236C0D71214FDC9500FE58D4 /* MySendOutBrandTableViewCell.m in Sources */ = {isa = PBXBuildFile; fileRef = 236C0D6F214FDC9500FE58D4 /* MySendOutBrandTableViewCell.m */; };
		236C0D72214FDC9500FE58D4 /* MySendOutBrandTableViewCell.xib in Resources */ = {isa = PBXBuildFile; fileRef = 236C0D70214FDC9500FE58D4 /* MySendOutBrandTableViewCell.xib */; };
		236C0D75214FDCB600FE58D4 /* MySendOutListModel.m in Sources */ = {isa = PBXBuildFile; fileRef = 236C0D74214FDCB600FE58D4 /* MySendOutListModel.m */; };
		236C0D79214FDF3C00FE58D4 /* MySendoutRegisterTableViewCell.m in Sources */ = {isa = PBXBuildFile; fileRef = 236C0D77214FDF3C00FE58D4 /* MySendoutRegisterTableViewCell.m */; };
		236C0D7A214FDF3C00FE58D4 /* MySendoutRegisterTableViewCell.xib in Resources */ = {isa = PBXBuildFile; fileRef = 236C0D78214FDF3C00FE58D4 /* MySendoutRegisterTableViewCell.xib */; };
		236C0D7D214FE40C00FE58D4 /* ApplyPersonListModel.m in Sources */ = {isa = PBXBuildFile; fileRef = 236C0D7C214FE40C00FE58D4 /* ApplyPersonListModel.m */; };
		236C0D81214FE48600FE58D4 /* ApplyPersonListTableViewCell.m in Sources */ = {isa = PBXBuildFile; fileRef = 236C0D7F214FE48600FE58D4 /* ApplyPersonListTableViewCell.m */; };
		236C0D82214FE48600FE58D4 /* ApplyPersonListTableViewCell.xib in Resources */ = {isa = PBXBuildFile; fileRef = 236C0D80214FE48600FE58D4 /* ApplyPersonListTableViewCell.xib */; };
		236C0D86214FE9A700FE58D4 /* NewApplyPersonViewController.m in Sources */ = {isa = PBXBuildFile; fileRef = 236C0D84214FE9A700FE58D4 /* NewApplyPersonViewController.m */; };
		236C0D87214FE9A700FE58D4 /* NewApplyPersonViewController.xib in Resources */ = {isa = PBXBuildFile; fileRef = 236C0D85214FE9A700FE58D4 /* NewApplyPersonViewController.xib */; };
		236C0D8A214FEE3800FE58D4 /* CSImagePickerViewController.m in Sources */ = {isa = PBXBuildFile; fileRef = 236C0D89214FEE3700FE58D4 /* CSImagePickerViewController.m */; };
		2387E37A21424FB100A9C76C /* SendOutDataTableViewCell.m in Sources */ = {isa = PBXBuildFile; fileRef = 2387E37821424FB100A9C76C /* SendOutDataTableViewCell.m */; };
		2387E37B21424FB100A9C76C /* SendOutDataTableViewCell.xib in Resources */ = {isa = PBXBuildFile; fileRef = 2387E37921424FB100A9C76C /* SendOutDataTableViewCell.xib */; };
		239B1F87215224C800EAA387 /* RegisterSecondStepCollectionReusableView.m in Sources */ = {isa = PBXBuildFile; fileRef = 239B1F85215224C800EAA387 /* RegisterSecondStepCollectionReusableView.m */; };
		239B1F88215224C800EAA387 /* RegisterSecondStepCollectionReusableView.xib in Resources */ = {isa = PBXBuildFile; fileRef = 239B1F86215224C800EAA387 /* RegisterSecondStepCollectionReusableView.xib */; };
		239B1F8E21522AD000EAA387 /* RegisterSureOrderViewController.m in Sources */ = {isa = PBXBuildFile; fileRef = 239B1F8C21522AD000EAA387 /* RegisterSureOrderViewController.m */; };
		239B1F8F21522AD000EAA387 /* RegisterSureOrderViewController.xib in Resources */ = {isa = PBXBuildFile; fileRef = 239B1F8D21522AD000EAA387 /* RegisterSureOrderViewController.xib */; };
		239B1F9C215273E500EAA387 /* RegisterTitleCollectionViewCell.m in Sources */ = {isa = PBXBuildFile; fileRef = 239B1F9A215273E500EAA387 /* RegisterTitleCollectionViewCell.m */; };
		239B1F9D215273E500EAA387 /* RegisterTitleCollectionViewCell.xib in Resources */ = {isa = PBXBuildFile; fileRef = 239B1F9B215273E500EAA387 /* RegisterTitleCollectionViewCell.xib */; };
		23B2A016215F7ABC0015829C /* SearchFreeViewController.m in Sources */ = {isa = PBXBuildFile; fileRef = 23B2A014215F7ABC0015829C /* SearchFreeViewController.m */; };
		23B2A017215F7ABC0015829C /* SearchFreeViewController.xib in Resources */ = {isa = PBXBuildFile; fileRef = 23B2A015215F7ABC0015829C /* SearchFreeViewController.xib */; };
		23B2A01B215F7CC20015829C /* SearchFreeTableViewCell.m in Sources */ = {isa = PBXBuildFile; fileRef = 23B2A019215F7CC20015829C /* SearchFreeTableViewCell.m */; };
		23B2A01C215F7CC20015829C /* SearchFreeTableViewCell.xib in Resources */ = {isa = PBXBuildFile; fileRef = 23B2A01A215F7CC20015829C /* SearchFreeTableViewCell.xib */; };
		23B793B3215F7E9C00D56321 /* SearchFreeResultModel.m in Sources */ = {isa = PBXBuildFile; fileRef = 23B793B2215F7E9C00D56321 /* SearchFreeResultModel.m */; };
		23C56E3A213ED0D9008D519D /* SearchResultViewController.m in Sources */ = {isa = PBXBuildFile; fileRef = 23C56E38213ED0D9008D519D /* SearchResultViewController.m */; };
		23C56E3B213ED0D9008D519D /* SearchResultViewController.xib in Resources */ = {isa = PBXBuildFile; fileRef = 23C56E39213ED0D9008D519D /* SearchResultViewController.xib */; };
		23C56E3F213F74DC008D519D /* AllClassTypeViewController.m in Sources */ = {isa = PBXBuildFile; fileRef = 23C56E3D213F74DC008D519D /* AllClassTypeViewController.m */; };
		23C56E40213F74DC008D519D /* AllClassTypeViewController.xib in Resources */ = {isa = PBXBuildFile; fileRef = 23C56E3E213F74DC008D519D /* AllClassTypeViewController.xib */; };
		23C56E44213F7559008D519D /* AllClassCollectionViewCell.m in Sources */ = {isa = PBXBuildFile; fileRef = 23C56E42213F7559008D519D /* AllClassCollectionViewCell.m */; };
		23C56E45213F7559008D519D /* AllClassCollectionViewCell.xib in Resources */ = {isa = PBXBuildFile; fileRef = 23C56E43213F7559008D519D /* AllClassCollectionViewCell.xib */; };
		23C56E4B213FAB4A008D519D /* SystemSearchViewController.m in Sources */ = {isa = PBXBuildFile; fileRef = 23C56E49213FAB4A008D519D /* SystemSearchViewController.m */; };
		23C56E4C213FAB4A008D519D /* SystemSearchViewController.xib in Resources */ = {isa = PBXBuildFile; fileRef = 23C56E4A213FAB4A008D519D /* SystemSearchViewController.xib */; };
		23C8F956213D36E4001A1B7F /* HotProductTableViewCell.m in Sources */ = {isa = PBXBuildFile; fileRef = 23C8F954213D36E4001A1B7F /* HotProductTableViewCell.m */; };
		23C8F957213D36E4001A1B7F /* HotProductTableViewCell.xib in Resources */ = {isa = PBXBuildFile; fileRef = 23C8F955213D36E4001A1B7F /* HotProductTableViewCell.xib */; };
		23C8F95B213D47DA001A1B7F /* HomePageBrandTableViewCell.m in Sources */ = {isa = PBXBuildFile; fileRef = 23C8F959213D47DA001A1B7F /* HomePageBrandTableViewCell.m */; };
		23C8F95C213D47DA001A1B7F /* HomePageBrandTableViewCell.xib in Resources */ = {isa = PBXBuildFile; fileRef = 23C8F95A213D47DA001A1B7F /* HomePageBrandTableViewCell.xib */; };
		23C8F960213E2B3F001A1B7F /* ProductDetailViewController.m in Sources */ = {isa = PBXBuildFile; fileRef = 23C8F95E213E2B3F001A1B7F /* ProductDetailViewController.m */; };
		23C8F961213E2B3F001A1B7F /* ProductDetailViewController.xib in Resources */ = {isa = PBXBuildFile; fileRef = 23C8F95F213E2B3F001A1B7F /* ProductDetailViewController.xib */; };
		23C8F964213E5D22001A1B7F /* UIView+CSSExtension.m in Sources */ = {isa = PBXBuildFile; fileRef = 23C8F962213E5D22001A1B7F /* UIView+CSSExtension.m */; };
		23F2A5092122A2A0004AC881 /* CSNetworkingManager.m in Sources */ = {isa = PBXBuildFile; fileRef = 23F2A5022122A2A0004AC881 /* CSNetworkingManager.m */; };
		23F2A50A2122A2A0004AC881 /* HandleRequestTool.m in Sources */ = {isa = PBXBuildFile; fileRef = 23F2A5042122A2A0004AC881 /* HandleRequestTool.m */; };
		23F2A50E2122A38B004AC881 /* CSUtility.m in Sources */ = {isa = PBXBuildFile; fileRef = 23F2A50D2122A38B004AC881 /* CSUtility.m */; };
		23F2A5132122A3A7004AC881 /* UIColor+ChangeSixteenColor.m in Sources */ = {isa = PBXBuildFile; fileRef = 23F2A50F2122A3A7004AC881 /* UIColor+ChangeSixteenColor.m */; };
		23F2A5142122A3A7004AC881 /* UIView+Extension.m in Sources */ = {isa = PBXBuildFile; fileRef = 23F2A5112122A3A7004AC881 /* UIView+Extension.m */; };
		23F2A51E2122A8F6004AC881 /* CSBaseViewController.m in Sources */ = {isa = PBXBuildFile; fileRef = 23F2A5182122A8F6004AC881 /* CSBaseViewController.m */; };
		23F2A51F2122A8F6004AC881 /* CSCommonTabBarController.m in Sources */ = {isa = PBXBuildFile; fileRef = 23F2A5192122A8F6004AC881 /* CSCommonTabBarController.m */; };
		23F2A5202122A8F6004AC881 /* CSCommonNavigationController.m in Sources */ = {isa = PBXBuildFile; fileRef = 23F2A51A2122A8F6004AC881 /* CSCommonNavigationController.m */; };
		23F2A52A2122AB64004AC881 /* LoginInViewController.m in Sources */ = {isa = PBXBuildFile; fileRef = 23F2A5282122AB64004AC881 /* LoginInViewController.m */; };
		23F2A52B2122AB64004AC881 /* LoginInViewController.xib in Resources */ = {isa = PBXBuildFile; fileRef = 23F2A5292122AB64004AC881 /* LoginInViewController.xib */; };
		5010968795820614BCF69A19 /* libPods-ShangBiao.a in Frameworks */ = {isa = PBXBuildFile; fileRef = A8F2A047420A627431B314DC /* libPods-ShangBiao.a */; };
/* End PBXBuildFile section */

/* Begin PBXFileReference section */
		0C49BFB3950421E34067C242 /* Pods-ShangBiao.debug.xcconfig */ = {isa = PBXFileReference; includeInIndex = 1; lastKnownFileType = text.xcconfig; name = "Pods-ShangBiao.debug.xcconfig"; path = "Pods/Target Support Files/Pods-ShangBiao/Pods-ShangBiao.debug.xcconfig"; sourceTree = "<group>"; };
		2334AC652122712E00694ED7 /* ShangBiao.app */ = {isa = PBXFileReference; explicitFileType = wrapper.application; includeInIndex = 0; path = ShangBiao.app; sourceTree = BUILT_PRODUCTS_DIR; };
		2334AC682122712E00694ED7 /* AppDelegate.h */ = {isa = PBXFileReference; lastKnownFileType = sourcecode.c.h; path = AppDelegate.h; sourceTree = "<group>"; };
		2334AC692122712E00694ED7 /* AppDelegate.m */ = {isa = PBXFileReference; lastKnownFileType = sourcecode.c.objc; path = AppDelegate.m; sourceTree = "<group>"; };
		2334AC6F2122712E00694ED7 /* Base */ = {isa = PBXFileReference; lastKnownFileType = file.storyboard; name = Base; path = Base.lproj/Main.storyboard; sourceTree = "<group>"; };
		2334AC712122713000694ED7 /* Assets.xcassets */ = {isa = PBXFileReference; lastKnownFileType = folder.assetcatalog; path = Assets.xcassets; sourceTree = "<group>"; };
		2334AC742122713000694ED7 /* Base */ = {isa = PBXFileReference; lastKnownFileType = file.storyboard; name = Base; path = Base.lproj/LaunchScreen.storyboard; sourceTree = "<group>"; };
		2334AC762122713000694ED7 /* Info.plist */ = {isa = PBXFileReference; lastKnownFileType = text.plist.xml; path = Info.plist; sourceTree = "<group>"; };
		2334AC772122713000694ED7 /* main.m */ = {isa = PBXFileReference; lastKnownFileType = sourcecode.c.objc; path = main.m; sourceTree = "<group>"; };
		2342C519214106B8003B682A /* SendOutTableViewCell.h */ = {isa = PBXFileReference; lastKnownFileType = sourcecode.c.h; path = SendOutTableViewCell.h; sourceTree = "<group>"; };
		2342C51A214106B8003B682A /* SendOutTableViewCell.m */ = {isa = PBXFileReference; lastKnownFileType = sourcecode.c.objc; path = SendOutTableViewCell.m; sourceTree = "<group>"; };
		2342C51B214106B8003B682A /* SendOutTableViewCell.xib */ = {isa = PBXFileReference; lastKnownFileType = file.xib; path = SendOutTableViewCell.xib; sourceTree = "<group>"; };
		2342C51E21410C94003B682A /* SendOutModel.h */ = {isa = PBXFileReference; lastKnownFileType = sourcecode.c.h; path = SendOutModel.h; sourceTree = "<group>"; };
		2342C51F21410C94003B682A /* SendOutModel.m */ = {isa = PBXFileReference; lastKnownFileType = sourcecode.c.objc; path = SendOutModel.m; sourceTree = "<group>"; };
		234C3083213CD36700C13551 /* RegisterViewController.h */ = {isa = PBXFileReference; lastKnownFileType = sourcecode.c.h; path = RegisterViewController.h; sourceTree = "<group>"; };
		234C3084213CD36700C13551 /* RegisterViewController.m */ = {isa = PBXFileReference; lastKnownFileType = sourcecode.c.objc; path = RegisterViewController.m; sourceTree = "<group>"; };
		234C3085213CD36700C13551 /* RegisterViewController.xib */ = {isa = PBXFileReference; lastKnownFileType = file.xib; path = RegisterViewController.xib; sourceTree = "<group>"; };
		234C309E213CE7BA00C13551 /* HomePageViewController.h */ = {isa = PBXFileReference; lastKnownFileType = sourcecode.c.h; name = HomePageViewController.h; path = ShangBiao/Login/Controller/HomePageViewController.h; sourceTree = SOURCE_ROOT; };
		234C309F213CE7BA00C13551 /* HomePageViewController.m */ = {isa = PBXFileReference; lastKnownFileType = sourcecode.c.objc; name = HomePageViewController.m; path = ShangBiao/Login/Controller/HomePageViewController.m; sourceTree = SOURCE_ROOT; };
		234C30A1213CE7C900C13551 /* MakeDealViewController.h */ = {isa = PBXFileReference; lastKnownFileType = sourcecode.c.h; path = MakeDealViewController.h; sourceTree = "<group>"; };
		234C30A2213CE7C900C13551 /* MakeDealViewController.m */ = {isa = PBXFileReference; lastKnownFileType = sourcecode.c.objc; path = MakeDealViewController.m; sourceTree = "<group>"; };
		234C30A7213CE7E200C13551 /* RegisterBrandViewController.h */ = {isa = PBXFileReference; lastKnownFileType = sourcecode.c.h; path = RegisterBrandViewController.h; sourceTree = "<group>"; };
		234C30A8213CE7E200C13551 /* RegisterBrandViewController.m */ = {isa = PBXFileReference; lastKnownFileType = sourcecode.c.objc; path = RegisterBrandViewController.m; sourceTree = "<group>"; };
		234C30AA213CE7EC00C13551 /* MineViewController.h */ = {isa = PBXFileReference; lastKnownFileType = sourcecode.c.h; path = MineViewController.h; sourceTree = "<group>"; };
		234C30AB213CE7EC00C13551 /* MineViewController.m */ = {isa = PBXFileReference; lastKnownFileType = sourcecode.c.objc; path = MineViewController.m; sourceTree = "<group>"; };
		234C30AF213D13DF00C13551 /* HomePageModel.h */ = {isa = PBXFileReference; lastKnownFileType = sourcecode.c.h; path = HomePageModel.h; sourceTree = "<group>"; };
		234C30B0213D13DF00C13551 /* HomePageModel.m */ = {isa = PBXFileReference; lastKnownFileType = sourcecode.c.objc; path = HomePageModel.m; sourceTree = "<group>"; };
		234C30B4213D180900C13551 /* CSParseManager.h */ = {isa = PBXFileReference; lastKnownFileType = sourcecode.c.h; path = CSParseManager.h; sourceTree = "<group>"; };
		234C30B5213D180900C13551 /* CSParseManager.m */ = {isa = PBXFileReference; lastKnownFileType = sourcecode.c.objc; path = CSParseManager.m; sourceTree = "<group>"; };
		234C30B7213D1D6E00C13551 /* HomePageTableViewCell.h */ = {isa = PBXFileReference; lastKnownFileType = sourcecode.c.h; path = HomePageTableViewCell.h; sourceTree = "<group>"; };
		234C30B8213D1D6E00C13551 /* HomePageTableViewCell.m */ = {isa = PBXFileReference; lastKnownFileType = sourcecode.c.objc; path = HomePageTableViewCell.m; sourceTree = "<group>"; };
		234C30B9213D1D6E00C13551 /* HomePageTableViewCell.xib */ = {isa = PBXFileReference; lastKnownFileType = file.xib; path = HomePageTableViewCell.xib; sourceTree = "<group>"; };
		2367024A21509883006C512E /* NewApplyPersonButtonTableViewCell.h */ = {isa = PBXFileReference; lastKnownFileType = sourcecode.c.h; path = NewApplyPersonButtonTableViewCell.h; sourceTree = "<group>"; };
		2367024B21509883006C512E /* NewApplyPersonButtonTableViewCell.m */ = {isa = PBXFileReference; lastKnownFileType = sourcecode.c.objc; path = NewApplyPersonButtonTableViewCell.m; sourceTree = "<group>"; };
		2367024C21509883006C512E /* NewApplyPersonButtonTableViewCell.xib */ = {isa = PBXFileReference; lastKnownFileType = file.xib; path = NewApplyPersonButtonTableViewCell.xib; sourceTree = "<group>"; };
		2367024F2150992E006C512E /* NewApplyPersonImageViewTableViewCell.h */ = {isa = PBXFileReference; lastKnownFileType = sourcecode.c.h; path = NewApplyPersonImageViewTableViewCell.h; sourceTree = "<group>"; };
		236702502150992E006C512E /* NewApplyPersonImageViewTableViewCell.m */ = {isa = PBXFileReference; lastKnownFileType = sourcecode.c.objc; path = NewApplyPersonImageViewTableViewCell.m; sourceTree = "<group>"; };
		236702512150992E006C512E /* NewApplyPersonImageViewTableViewCell.xib */ = {isa = PBXFileReference; lastKnownFileType = file.xib; path = NewApplyPersonImageViewTableViewCell.xib; sourceTree = "<group>"; };
		2367025421509A3C006C512E /* NewApplyPersonTextFieldTableViewCell.h */ = {isa = PBXFileReference; lastKnownFileType = sourcecode.c.h; path = NewApplyPersonTextFieldTableViewCell.h; sourceTree = "<group>"; };
		2367025521509A3C006C512E /* NewApplyPersonTextFieldTableViewCell.m */ = {isa = PBXFileReference; lastKnownFileType = sourcecode.c.objc; path = NewApplyPersonTextFieldTableViewCell.m; sourceTree = "<group>"; };
		2367025621509A3C006C512E /* NewApplyPersonTextFieldTableViewCell.xib */ = {isa = PBXFileReference; lastKnownFileType = file.xib; path = NewApplyPersonTextFieldTableViewCell.xib; sourceTree = "<group>"; };
		2367025921509ACA006C512E /* NewApplyPersonModel.h */ = {isa = PBXFileReference; lastKnownFileType = sourcecode.c.h; path = NewApplyPersonModel.h; sourceTree = "<group>"; };
		2367025A21509ACA006C512E /* NewApplyPersonModel.m */ = {isa = PBXFileReference; lastKnownFileType = sourcecode.c.objc; path = NewApplyPersonModel.m; sourceTree = "<group>"; };
		2367025F2150C7E8006C512E /* CZHAddressPickerView.m */ = {isa = PBXFileReference; fileEncoding = 4; lastKnownFileType = sourcecode.c.objc; path = CZHAddressPickerView.m; sourceTree = "<group>"; };
		236702602150C7E8006C512E /* AddressPickerHeader.h */ = {isa = PBXFileReference; fileEncoding = 4; lastKnownFileType = sourcecode.c.h; path = AddressPickerHeader.h; sourceTree = "<group>"; };
		236702612150C7E8006C512E /* UIView+CZHExtension.h */ = {isa = PBXFileReference; fileEncoding = 4; lastKnownFileType = sourcecode.c.h; path = "UIView+CZHExtension.h"; sourceTree = "<group>"; };
		236702622150C7E8006C512E /* UIButton+CZHExtension.h */ = {isa = PBXFileReference; fileEncoding = 4; lastKnownFileType = sourcecode.c.h; path = "UIButton+CZHExtension.h"; sourceTree = "<group>"; };
		236702632150C7E8006C512E /* CZHAddressPickerView.h */ = {isa = PBXFileReference; fileEncoding = 4; lastKnownFileType = sourcecode.c.h; path = CZHAddressPickerView.h; sourceTree = "<group>"; };
		236702642150C7E8006C512E /* city.plist */ = {isa = PBXFileReference; fileEncoding = 4; lastKnownFileType = text.plist.xml; path = city.plist; sourceTree = "<group>"; };
		236702652150C7E8006C512E /* UIView+CZHExtension.m */ = {isa = PBXFileReference; fileEncoding = 4; lastKnownFileType = sourcecode.c.objc; path = "UIView+CZHExtension.m"; sourceTree = "<group>"; };
		236702662150C7E8006C512E /* UIButton+CZHExtension.m */ = {isa = PBXFileReference; fileEncoding = 4; lastKnownFileType = sourcecode.c.objc; path = "UIButton+CZHExtension.m"; sourceTree = "<group>"; };
		2367026D2151F8A6006C512E /* superClassId.json */ = {isa = PBXFileReference; fileEncoding = 4; lastKnownFileType = text.json; path = superClassId.json; sourceTree = "<group>"; };
		2367026F2151FBAC006C512E /* SuperClassIdModel.h */ = {isa = PBXFileReference; lastKnownFileType = sourcecode.c.h; path = SuperClassIdModel.h; sourceTree = "<group>"; };
		236702702151FBAC006C512E /* SuperClassIdModel.m */ = {isa = PBXFileReference; lastKnownFileType = sourcecode.c.objc; path = SuperClassIdModel.m; sourceTree = "<group>"; };
		236702722151FC4D006C512E /* SuperClassIdTableViewCell.h */ = {isa = PBXFileReference; lastKnownFileType = sourcecode.c.h; path = SuperClassIdTableViewCell.h; sourceTree = "<group>"; };
		236702732151FC4D006C512E /* SuperClassIdTableViewCell.m */ = {isa = PBXFileReference; lastKnownFileType = sourcecode.c.objc; path = SuperClassIdTableViewCell.m; sourceTree = "<group>"; };
		236702742151FC4D006C512E /* SuperClassIdTableViewCell.xib */ = {isa = PBXFileReference; lastKnownFileType = file.xib; path = SuperClassIdTableViewCell.xib; sourceTree = "<group>"; };
		2367027721521838006C512E /* category.json */ = {isa = PBXFileReference; fileEncoding = 4; lastKnownFileType = text.json; path = category.json; sourceTree = "<group>"; };
		2367027921521AA7006C512E /* CategoryClassIdModel.h */ = {isa = PBXFileReference; lastKnownFileType = sourcecode.c.h; path = CategoryClassIdModel.h; sourceTree = "<group>"; };
		2367027A21521AA7006C512E /* CategoryClassIdModel.m */ = {isa = PBXFileReference; lastKnownFileType = sourcecode.c.objc; path = CategoryClassIdModel.m; sourceTree = "<group>"; };
		2367027C21521D6A006C512E /* RegisterSecondStepCollectionViewCell.h */ = {isa = PBXFileReference; lastKnownFileType = sourcecode.c.h; path = RegisterSecondStepCollectionViewCell.h; sourceTree = "<group>"; };
		2367027D21521D6A006C512E /* RegisterSecondStepCollectionViewCell.m */ = {isa = PBXFileReference; lastKnownFileType = sourcecode.c.objc; path = RegisterSecondStepCollectionViewCell.m; sourceTree = "<group>"; };
		2367027E21521D6A006C512E /* RegisterSecondStepCollectionViewCell.xib */ = {isa = PBXFileReference; lastKnownFileType = file.xib; path = RegisterSecondStepCollectionViewCell.xib; sourceTree = "<group>"; };
		236C0D0F214B973400FE58D4 /* RegisterFirstStepViewController.h */ = {isa = PBXFileReference; lastKnownFileType = sourcecode.c.h; path = RegisterFirstStepViewController.h; sourceTree = "<group>"; };
		236C0D10214B973400FE58D4 /* RegisterFirstStepViewController.m */ = {isa = PBXFileReference; lastKnownFileType = sourcecode.c.objc; path = RegisterFirstStepViewController.m; sourceTree = "<group>"; };
		236C0D11214B973400FE58D4 /* RegisterFirstStepViewController.xib */ = {isa = PBXFileReference; lastKnownFileType = file.xib; path = RegisterFirstStepViewController.xib; sourceTree = "<group>"; };
		236C0D1D214BA8C900FE58D4 /* SelectPhotoManager.h */ = {isa = PBXFileReference; lastKnownFileType = sourcecode.c.h; path = SelectPhotoManager.h; sourceTree = "<group>"; };
		236C0D1E214BA8E900FE58D4 /* SelectPhotoManager.m */ = {isa = PBXFileReference; lastKnownFileType = sourcecode.c.objc; path = SelectPhotoManager.m; sourceTree = "<group>"; };
		236C0D20214BAA5E00FE58D4 /* RegisterFirstStepImageTableViewCell.h */ = {isa = PBXFileReference; lastKnownFileType = sourcecode.c.h; path = RegisterFirstStepImageTableViewCell.h; sourceTree = "<group>"; };
		236C0D21214BAA5E00FE58D4 /* RegisterFirstStepImageTableViewCell.m */ = {isa = PBXFileReference; lastKnownFileType = sourcecode.c.objc; path = RegisterFirstStepImageTableViewCell.m; sourceTree = "<group>"; };
		236C0D22214BAA5E00FE58D4 /* RegisterFirstStepImageTableViewCell.xib */ = {isa = PBXFileReference; lastKnownFileType = file.xib; path = RegisterFirstStepImageTableViewCell.xib; sourceTree = "<group>"; };
		236C0D25214BB2B000FE58D4 /* RegisterFirstStepExplainTableViewCell.h */ = {isa = PBXFileReference; lastKnownFileType = sourcecode.c.h; path = RegisterFirstStepExplainTableViewCell.h; sourceTree = "<group>"; };
		236C0D26214BB2B000FE58D4 /* RegisterFirstStepExplainTableViewCell.m */ = {isa = PBXFileReference; lastKnownFileType = sourcecode.c.objc; path = RegisterFirstStepExplainTableViewCell.m; sourceTree = "<group>"; };
		236C0D27214BB2B000FE58D4 /* RegisterFirstStepExplainTableViewCell.xib */ = {isa = PBXFileReference; lastKnownFileType = file.xib; path = RegisterFirstStepExplainTableViewCell.xib; sourceTree = "<group>"; };
		236C0D2A214BB6C100FE58D4 /* RegisterFirstStepButtonTableViewCell.h */ = {isa = PBXFileReference; lastKnownFileType = sourcecode.c.h; path = RegisterFirstStepButtonTableViewCell.h; sourceTree = "<group>"; };
		236C0D2B214BB6C100FE58D4 /* RegisterFirstStepButtonTableViewCell.m */ = {isa = PBXFileReference; lastKnownFileType = sourcecode.c.objc; path = RegisterFirstStepButtonTableViewCell.m; sourceTree = "<group>"; };
		236C0D2C214BB6C100FE58D4 /* RegisterFirstStepButtonTableViewCell.xib */ = {isa = PBXFileReference; lastKnownFileType = file.xib; path = RegisterFirstStepButtonTableViewCell.xib; sourceTree = "<group>"; };
		236C0D2F214BB8B000FE58D4 /* RegisterFirstStepApplyPersonTableViewCell.h */ = {isa = PBXFileReference; lastKnownFileType = sourcecode.c.h; path = RegisterFirstStepApplyPersonTableViewCell.h; sourceTree = "<group>"; };
		236C0D30214BB8B000FE58D4 /* RegisterFirstStepApplyPersonTableViewCell.m */ = {isa = PBXFileReference; lastKnownFileType = sourcecode.c.objc; path = RegisterFirstStepApplyPersonTableViewCell.m; sourceTree = "<group>"; };
		236C0D31214BB8B000FE58D4 /* RegisterFirstStepApplyPersonTableViewCell.xib */ = {isa = PBXFileReference; lastKnownFileType = file.xib; path = RegisterFirstStepApplyPersonTableViewCell.xib; sourceTree = "<group>"; };
		236C0D34214BB92300FE58D4 /* RegisterFirstStepNameTableViewCell.h */ = {isa = PBXFileReference; lastKnownFileType = sourcecode.c.h; path = RegisterFirstStepNameTableViewCell.h; sourceTree = "<group>"; };
		236C0D35214BB92300FE58D4 /* RegisterFirstStepNameTableViewCell.m */ = {isa = PBXFileReference; lastKnownFileType = sourcecode.c.objc; path = RegisterFirstStepNameTableViewCell.m; sourceTree = "<group>"; };
		236C0D36214BB92300FE58D4 /* RegisterFirstStepNameTableViewCell.xib */ = {isa = PBXFileReference; lastKnownFileType = file.xib; path = RegisterFirstStepNameTableViewCell.xib; sourceTree = "<group>"; };
		236C0D39214BD4AE00FE58D4 /* RegisterSecondStepViewController.h */ = {isa = PBXFileReference; lastKnownFileType = sourcecode.c.h; path = RegisterSecondStepViewController.h; sourceTree = "<group>"; };
		236C0D3A214BD4AE00FE58D4 /* RegisterSecondStepViewController.m */ = {isa = PBXFileReference; lastKnownFileType = sourcecode.c.objc; path = RegisterSecondStepViewController.m; sourceTree = "<group>"; };
		236C0D3B214BD4AE00FE58D4 /* RegisterSecondStepViewController.xib */ = {isa = PBXFileReference; lastKnownFileType = file.xib; path = RegisterSecondStepViewController.xib; sourceTree = "<group>"; };
		236C0D40214F7EE600FE58D4 /* CSTitleSearchView.h */ = {isa = PBXFileReference; lastKnownFileType = sourcecode.c.h; path = CSTitleSearchView.h; sourceTree = "<group>"; };
		236C0D41214F7EE600FE58D4 /* CSTitleSearchView.m */ = {isa = PBXFileReference; lastKnownFileType = sourcecode.c.objc; path = CSTitleSearchView.m; sourceTree = "<group>"; };
		236C0D43214F9EE000FE58D4 /* MineTableViewCell.h */ = {isa = PBXFileReference; lastKnownFileType = sourcecode.c.h; path = MineTableViewCell.h; sourceTree = "<group>"; };
		236C0D44214F9EE000FE58D4 /* MineTableViewCell.m */ = {isa = PBXFileReference; lastKnownFileType = sourcecode.c.objc; path = MineTableViewCell.m; sourceTree = "<group>"; };
		236C0D45214F9EE000FE58D4 /* MineTableViewCell.xib */ = {isa = PBXFileReference; lastKnownFileType = file.xib; path = MineTableViewCell.xib; sourceTree = "<group>"; };
		236C0D48214FA72700FE58D4 /* TwoKindsSendOutViewController.h */ = {isa = PBXFileReference; lastKnownFileType = sourcecode.c.h; path = TwoKindsSendOutViewController.h; sourceTree = "<group>"; };
		236C0D49214FA72700FE58D4 /* TwoKindsSendOutViewController.m */ = {isa = PBXFileReference; lastKnownFileType = sourcecode.c.objc; path = TwoKindsSendOutViewController.m; sourceTree = "<group>"; };
		236C0D55214FC8EB00FE58D4 /* SendOutBrandViewController.h */ = {isa = PBXFileReference; lastKnownFileType = sourcecode.c.h; path = SendOutBrandViewController.h; sourceTree = "<group>"; };
		236C0D56214FC8EB00FE58D4 /* SendOutBrandViewController.m */ = {isa = PBXFileReference; lastKnownFileType = sourcecode.c.objc; path = SendOutBrandViewController.m; sourceTree = "<group>"; };
		236C0D57214FC8EB00FE58D4 /* SendOutBrandViewController.xib */ = {isa = PBXFileReference; lastKnownFileType = file.xib; path = SendOutBrandViewController.xib; sourceTree = "<group>"; };
		236C0D5A214FCEC700FE58D4 /* SendOutBrandTableViewCell.h */ = {isa = PBXFileReference; lastKnownFileType = sourcecode.c.h; path = SendOutBrandTableViewCell.h; sourceTree = "<group>"; };
		236C0D5B214FCEC700FE58D4 /* SendOutBrandTableViewCell.m */ = {isa = PBXFileReference; lastKnownFileType = sourcecode.c.objc; path = SendOutBrandTableViewCell.m; sourceTree = "<group>"; };
		236C0D5C214FCEC700FE58D4 /* SendOutBrandTableViewCell.xib */ = {isa = PBXFileReference; lastKnownFileType = file.xib; path = SendOutBrandTableViewCell.xib; sourceTree = "<group>"; };
		236C0D5F214FDADA00FE58D4 /* MySendOutBrandViewController.h */ = {isa = PBXFileReference; lastKnownFileType = sourcecode.c.h; path = MySendOutBrandViewController.h; sourceTree = "<group>"; };
		236C0D60214FDADA00FE58D4 /* MySendOutBrandViewController.m */ = {isa = PBXFileReference; lastKnownFileType = sourcecode.c.objc; path = MySendOutBrandViewController.m; sourceTree = "<group>"; };
		236C0D61214FDADA00FE58D4 /* MySendOutBrandViewController.xib */ = {isa = PBXFileReference; lastKnownFileType = file.xib; path = MySendOutBrandViewController.xib; sourceTree = "<group>"; };
		236C0D64214FDAEF00FE58D4 /* MyRegisterBrandViewController.h */ = {isa = PBXFileReference; lastKnownFileType = sourcecode.c.h; path = MyRegisterBrandViewController.h; sourceTree = "<group>"; };
		236C0D65214FDAEF00FE58D4 /* MyRegisterBrandViewController.m */ = {isa = PBXFileReference; lastKnownFileType = sourcecode.c.objc; path = MyRegisterBrandViewController.m; sourceTree = "<group>"; };
		236C0D66214FDAEF00FE58D4 /* MyRegisterBrandViewController.xib */ = {isa = PBXFileReference; lastKnownFileType = file.xib; path = MyRegisterBrandViewController.xib; sourceTree = "<group>"; };
		236C0D69214FDB4000FE58D4 /* ApplyPersonListViewController.h */ = {isa = PBXFileReference; lastKnownFileType = sourcecode.c.h; path = ApplyPersonListViewController.h; sourceTree = "<group>"; };
		236C0D6A214FDB4000FE58D4 /* ApplyPersonListViewController.m */ = {isa = PBXFileReference; lastKnownFileType = sourcecode.c.objc; path = ApplyPersonListViewController.m; sourceTree = "<group>"; };
		236C0D6B214FDB4000FE58D4 /* ApplyPersonListViewController.xib */ = {isa = PBXFileReference; lastKnownFileType = file.xib; path = ApplyPersonListViewController.xib; sourceTree = "<group>"; };
		236C0D6E214FDC9500FE58D4 /* MySendOutBrandTableViewCell.h */ = {isa = PBXFileReference; lastKnownFileType = sourcecode.c.h; path = MySendOutBrandTableViewCell.h; sourceTree = "<group>"; };
		236C0D6F214FDC9500FE58D4 /* MySendOutBrandTableViewCell.m */ = {isa = PBXFileReference; lastKnownFileType = sourcecode.c.objc; path = MySendOutBrandTableViewCell.m; sourceTree = "<group>"; };
		236C0D70214FDC9500FE58D4 /* MySendOutBrandTableViewCell.xib */ = {isa = PBXFileReference; lastKnownFileType = file.xib; path = MySendOutBrandTableViewCell.xib; sourceTree = "<group>"; };
		236C0D73214FDCB600FE58D4 /* MySendOutListModel.h */ = {isa = PBXFileReference; lastKnownFileType = sourcecode.c.h; path = MySendOutListModel.h; sourceTree = "<group>"; };
		236C0D74214FDCB600FE58D4 /* MySendOutListModel.m */ = {isa = PBXFileReference; lastKnownFileType = sourcecode.c.objc; path = MySendOutListModel.m; sourceTree = "<group>"; };
		236C0D76214FDF3C00FE58D4 /* MySendoutRegisterTableViewCell.h */ = {isa = PBXFileReference; lastKnownFileType = sourcecode.c.h; path = MySendoutRegisterTableViewCell.h; sourceTree = "<group>"; };
		236C0D77214FDF3C00FE58D4 /* MySendoutRegisterTableViewCell.m */ = {isa = PBXFileReference; lastKnownFileType = sourcecode.c.objc; path = MySendoutRegisterTableViewCell.m; sourceTree = "<group>"; };
		236C0D78214FDF3C00FE58D4 /* MySendoutRegisterTableViewCell.xib */ = {isa = PBXFileReference; lastKnownFileType = file.xib; path = MySendoutRegisterTableViewCell.xib; sourceTree = "<group>"; };
		236C0D7B214FE40C00FE58D4 /* ApplyPersonListModel.h */ = {isa = PBXFileReference; lastKnownFileType = sourcecode.c.h; path = ApplyPersonListModel.h; sourceTree = "<group>"; };
		236C0D7C214FE40C00FE58D4 /* ApplyPersonListModel.m */ = {isa = PBXFileReference; lastKnownFileType = sourcecode.c.objc; path = ApplyPersonListModel.m; sourceTree = "<group>"; };
		236C0D7E214FE48600FE58D4 /* ApplyPersonListTableViewCell.h */ = {isa = PBXFileReference; lastKnownFileType = sourcecode.c.h; path = ApplyPersonListTableViewCell.h; sourceTree = "<group>"; };
		236C0D7F214FE48600FE58D4 /* ApplyPersonListTableViewCell.m */ = {isa = PBXFileReference; lastKnownFileType = sourcecode.c.objc; path = ApplyPersonListTableViewCell.m; sourceTree = "<group>"; };
		236C0D80214FE48600FE58D4 /* ApplyPersonListTableViewCell.xib */ = {isa = PBXFileReference; lastKnownFileType = file.xib; path = ApplyPersonListTableViewCell.xib; sourceTree = "<group>"; };
		236C0D83214FE9A700FE58D4 /* NewApplyPersonViewController.h */ = {isa = PBXFileReference; lastKnownFileType = sourcecode.c.h; path = NewApplyPersonViewController.h; sourceTree = "<group>"; };
		236C0D84214FE9A700FE58D4 /* NewApplyPersonViewController.m */ = {isa = PBXFileReference; lastKnownFileType = sourcecode.c.objc; path = NewApplyPersonViewController.m; sourceTree = "<group>"; };
		236C0D85214FE9A700FE58D4 /* NewApplyPersonViewController.xib */ = {isa = PBXFileReference; lastKnownFileType = file.xib; path = NewApplyPersonViewController.xib; sourceTree = "<group>"; };
		236C0D88214FEE3700FE58D4 /* CSImagePickerViewController.h */ = {isa = PBXFileReference; lastKnownFileType = sourcecode.c.h; path = CSImagePickerViewController.h; sourceTree = "<group>"; };
		236C0D89214FEE3700FE58D4 /* CSImagePickerViewController.m */ = {isa = PBXFileReference; lastKnownFileType = sourcecode.c.objc; path = CSImagePickerViewController.m; sourceTree = "<group>"; };
		2387E37721424FB100A9C76C /* SendOutDataTableViewCell.h */ = {isa = PBXFileReference; lastKnownFileType = sourcecode.c.h; path = SendOutDataTableViewCell.h; sourceTree = "<group>"; };
		2387E37821424FB100A9C76C /* SendOutDataTableViewCell.m */ = {isa = PBXFileReference; lastKnownFileType = sourcecode.c.objc; path = SendOutDataTableViewCell.m; sourceTree = "<group>"; };
		2387E37921424FB100A9C76C /* SendOutDataTableViewCell.xib */ = {isa = PBXFileReference; lastKnownFileType = file.xib; path = SendOutDataTableViewCell.xib; sourceTree = "<group>"; };
		239B1F84215224C800EAA387 /* RegisterSecondStepCollectionReusableView.h */ = {isa = PBXFileReference; lastKnownFileType = sourcecode.c.h; path = RegisterSecondStepCollectionReusableView.h; sourceTree = "<group>"; };
		239B1F85215224C800EAA387 /* RegisterSecondStepCollectionReusableView.m */ = {isa = PBXFileReference; lastKnownFileType = sourcecode.c.objc; path = RegisterSecondStepCollectionReusableView.m; sourceTree = "<group>"; };
		239B1F86215224C800EAA387 /* RegisterSecondStepCollectionReusableView.xib */ = {isa = PBXFileReference; lastKnownFileType = file.xib; path = RegisterSecondStepCollectionReusableView.xib; sourceTree = "<group>"; };
		239B1F8B21522AD000EAA387 /* RegisterSureOrderViewController.h */ = {isa = PBXFileReference; lastKnownFileType = sourcecode.c.h; path = RegisterSureOrderViewController.h; sourceTree = "<group>"; };
		239B1F8C21522AD000EAA387 /* RegisterSureOrderViewController.m */ = {isa = PBXFileReference; lastKnownFileType = sourcecode.c.objc; path = RegisterSureOrderViewController.m; sourceTree = "<group>"; };
		239B1F8D21522AD000EAA387 /* RegisterSureOrderViewController.xib */ = {isa = PBXFileReference; lastKnownFileType = file.xib; path = RegisterSureOrderViewController.xib; sourceTree = "<group>"; };
		239B1F99215273E500EAA387 /* RegisterTitleCollectionViewCell.h */ = {isa = PBXFileReference; lastKnownFileType = sourcecode.c.h; path = RegisterTitleCollectionViewCell.h; sourceTree = "<group>"; };
		239B1F9A215273E500EAA387 /* RegisterTitleCollectionViewCell.m */ = {isa = PBXFileReference; lastKnownFileType = sourcecode.c.objc; path = RegisterTitleCollectionViewCell.m; sourceTree = "<group>"; };
		239B1F9B215273E500EAA387 /* RegisterTitleCollectionViewCell.xib */ = {isa = PBXFileReference; lastKnownFileType = file.xib; path = RegisterTitleCollectionViewCell.xib; sourceTree = "<group>"; };
		23B2A013215F7ABC0015829C /* SearchFreeViewController.h */ = {isa = PBXFileReference; lastKnownFileType = sourcecode.c.h; path = SearchFreeViewController.h; sourceTree = "<group>"; };
		23B2A014215F7ABC0015829C /* SearchFreeViewController.m */ = {isa = PBXFileReference; lastKnownFileType = sourcecode.c.objc; path = SearchFreeViewController.m; sourceTree = "<group>"; };
		23B2A015215F7ABC0015829C /* SearchFreeViewController.xib */ = {isa = PBXFileReference; lastKnownFileType = file.xib; path = SearchFreeViewController.xib; sourceTree = "<group>"; };
		23B2A018215F7CC20015829C /* SearchFreeTableViewCell.h */ = {isa = PBXFileReference; lastKnownFileType = sourcecode.c.h; path = SearchFreeTableViewCell.h; sourceTree = "<group>"; };
		23B2A019215F7CC20015829C /* SearchFreeTableViewCell.m */ = {isa = PBXFileReference; lastKnownFileType = sourcecode.c.objc; path = SearchFreeTableViewCell.m; sourceTree = "<group>"; };
		23B2A01A215F7CC20015829C /* SearchFreeTableViewCell.xib */ = {isa = PBXFileReference; lastKnownFileType = file.xib; path = SearchFreeTableViewCell.xib; sourceTree = "<group>"; };
		23B793B1215F7E9C00D56321 /* SearchFreeResultModel.h */ = {isa = PBXFileReference; lastKnownFileType = sourcecode.c.h; path = SearchFreeResultModel.h; sourceTree = "<group>"; };
		23B793B2215F7E9C00D56321 /* SearchFreeResultModel.m */ = {isa = PBXFileReference; lastKnownFileType = sourcecode.c.objc; path = SearchFreeResultModel.m; sourceTree = "<group>"; };
		23C56E37213ED0D9008D519D /* SearchResultViewController.h */ = {isa = PBXFileReference; lastKnownFileType = sourcecode.c.h; path = SearchResultViewController.h; sourceTree = "<group>"; };
		23C56E38213ED0D9008D519D /* SearchResultViewController.m */ = {isa = PBXFileReference; lastKnownFileType = sourcecode.c.objc; path = SearchResultViewController.m; sourceTree = "<group>"; };
		23C56E39213ED0D9008D519D /* SearchResultViewController.xib */ = {isa = PBXFileReference; lastKnownFileType = file.xib; path = SearchResultViewController.xib; sourceTree = "<group>"; };
		23C56E3C213F74DC008D519D /* AllClassTypeViewController.h */ = {isa = PBXFileReference; lastKnownFileType = sourcecode.c.h; path = AllClassTypeViewController.h; sourceTree = "<group>"; };
		23C56E3D213F74DC008D519D /* AllClassTypeViewController.m */ = {isa = PBXFileReference; lastKnownFileType = sourcecode.c.objc; path = AllClassTypeViewController.m; sourceTree = "<group>"; };
		23C56E3E213F74DC008D519D /* AllClassTypeViewController.xib */ = {isa = PBXFileReference; lastKnownFileType = file.xib; path = AllClassTypeViewController.xib; sourceTree = "<group>"; };
		23C56E41213F7559008D519D /* AllClassCollectionViewCell.h */ = {isa = PBXFileReference; lastKnownFileType = sourcecode.c.h; path = AllClassCollectionViewCell.h; sourceTree = "<group>"; };
		23C56E42213F7559008D519D /* AllClassCollectionViewCell.m */ = {isa = PBXFileReference; lastKnownFileType = sourcecode.c.objc; path = AllClassCollectionViewCell.m; sourceTree = "<group>"; };
		23C56E43213F7559008D519D /* AllClassCollectionViewCell.xib */ = {isa = PBXFileReference; lastKnownFileType = file.xib; path = AllClassCollectionViewCell.xib; sourceTree = "<group>"; };
		23C56E48213FAB4A008D519D /* SystemSearchViewController.h */ = {isa = PBXFileReference; lastKnownFileType = sourcecode.c.h; path = SystemSearchViewController.h; sourceTree = "<group>"; };
		23C56E49213FAB4A008D519D /* SystemSearchViewController.m */ = {isa = PBXFileReference; lastKnownFileType = sourcecode.c.objc; path = SystemSearchViewController.m; sourceTree = "<group>"; };
		23C56E4A213FAB4A008D519D /* SystemSearchViewController.xib */ = {isa = PBXFileReference; lastKnownFileType = file.xib; path = SystemSearchViewController.xib; sourceTree = "<group>"; };
		23C8F953213D36E4001A1B7F /* HotProductTableViewCell.h */ = {isa = PBXFileReference; lastKnownFileType = sourcecode.c.h; path = HotProductTableViewCell.h; sourceTree = "<group>"; };
		23C8F954213D36E4001A1B7F /* HotProductTableViewCell.m */ = {isa = PBXFileReference; lastKnownFileType = sourcecode.c.objc; path = HotProductTableViewCell.m; sourceTree = "<group>"; };
		23C8F955213D36E4001A1B7F /* HotProductTableViewCell.xib */ = {isa = PBXFileReference; lastKnownFileType = file.xib; path = HotProductTableViewCell.xib; sourceTree = "<group>"; };
		23C8F958213D47DA001A1B7F /* HomePageBrandTableViewCell.h */ = {isa = PBXFileReference; lastKnownFileType = sourcecode.c.h; path = HomePageBrandTableViewCell.h; sourceTree = "<group>"; };
		23C8F959213D47DA001A1B7F /* HomePageBrandTableViewCell.m */ = {isa = PBXFileReference; lastKnownFileType = sourcecode.c.objc; path = HomePageBrandTableViewCell.m; sourceTree = "<group>"; };
		23C8F95A213D47DA001A1B7F /* HomePageBrandTableViewCell.xib */ = {isa = PBXFileReference; lastKnownFileType = file.xib; path = HomePageBrandTableViewCell.xib; sourceTree = "<group>"; };
		23C8F95D213E2B3F001A1B7F /* ProductDetailViewController.h */ = {isa = PBXFileReference; lastKnownFileType = sourcecode.c.h; path = ProductDetailViewController.h; sourceTree = "<group>"; };
		23C8F95E213E2B3F001A1B7F /* ProductDetailViewController.m */ = {isa = PBXFileReference; lastKnownFileType = sourcecode.c.objc; path = ProductDetailViewController.m; sourceTree = "<group>"; };
		23C8F95F213E2B3F001A1B7F /* ProductDetailViewController.xib */ = {isa = PBXFileReference; lastKnownFileType = file.xib; path = ProductDetailViewController.xib; sourceTree = "<group>"; };
		23C8F962213E5D22001A1B7F /* UIView+CSSExtension.m */ = {isa = PBXFileReference; fileEncoding = 4; lastKnownFileType = sourcecode.c.objc; path = "UIView+CSSExtension.m"; sourceTree = "<group>"; };
		23C8F963213E5D22001A1B7F /* UIView+CSSExtension.h */ = {isa = PBXFileReference; fileEncoding = 4; lastKnownFileType = sourcecode.c.h; path = "UIView+CSSExtension.h"; sourceTree = "<group>"; };
		23F2A5022122A2A0004AC881 /* CSNetworkingManager.m */ = {isa = PBXFileReference; fileEncoding = 4; lastKnownFileType = sourcecode.c.objc; path = CSNetworkingManager.m; sourceTree = "<group>"; };
		23F2A5042122A2A0004AC881 /* HandleRequestTool.m */ = {isa = PBXFileReference; fileEncoding = 4; lastKnownFileType = sourcecode.c.objc; path = HandleRequestTool.m; sourceTree = "<group>"; };
		23F2A5052122A2A0004AC881 /* HandleRequestTool.h */ = {isa = PBXFileReference; fileEncoding = 4; lastKnownFileType = sourcecode.c.h; path = HandleRequestTool.h; sourceTree = "<group>"; };
		23F2A5072122A2A0004AC881 /* CSNetworkingManager.h */ = {isa = PBXFileReference; fileEncoding = 4; lastKnownFileType = sourcecode.c.h; path = CSNetworkingManager.h; sourceTree = "<group>"; };
		23F2A5082122A2A0004AC881 /* InternetAddress.h */ = {isa = PBXFileReference; fileEncoding = 4; lastKnownFileType = sourcecode.c.h; path = InternetAddress.h; sourceTree = "<group>"; };
		23F2A50C2122A38B004AC881 /* CSUtility.h */ = {isa = PBXFileReference; fileEncoding = 4; lastKnownFileType = sourcecode.c.h; path = CSUtility.h; sourceTree = "<group>"; };
		23F2A50D2122A38B004AC881 /* CSUtility.m */ = {isa = PBXFileReference; fileEncoding = 4; lastKnownFileType = sourcecode.c.objc; path = CSUtility.m; sourceTree = "<group>"; };
		23F2A50F2122A3A7004AC881 /* UIColor+ChangeSixteenColor.m */ = {isa = PBXFileReference; fileEncoding = 4; lastKnownFileType = sourcecode.c.objc; path = "UIColor+ChangeSixteenColor.m"; sourceTree = "<group>"; };
		23F2A5102122A3A7004AC881 /* UIColor+ChangeSixteenColor.h */ = {isa = PBXFileReference; fileEncoding = 4; lastKnownFileType = sourcecode.c.h; path = "UIColor+ChangeSixteenColor.h"; sourceTree = "<group>"; };
		23F2A5112122A3A7004AC881 /* UIView+Extension.m */ = {isa = PBXFileReference; fileEncoding = 4; lastKnownFileType = sourcecode.c.objc; path = "UIView+Extension.m"; sourceTree = "<group>"; };
		23F2A5122122A3A7004AC881 /* UIView+Extension.h */ = {isa = PBXFileReference; fileEncoding = 4; lastKnownFileType = sourcecode.c.h; path = "UIView+Extension.h"; sourceTree = "<group>"; };
		23F2A5152122A415004AC881 /* BrandPrefixHeader.pch */ = {isa = PBXFileReference; lastKnownFileType = sourcecode.c.h; path = BrandPrefixHeader.pch; sourceTree = "<group>"; };
		23F2A5162122A4D3004AC881 /* CSColorAndFont.h */ = {isa = PBXFileReference; lastKnownFileType = sourcecode.c.h; path = CSColorAndFont.h; sourceTree = "<group>"; };
		23F2A5182122A8F6004AC881 /* CSBaseViewController.m */ = {isa = PBXFileReference; fileEncoding = 4; lastKnownFileType = sourcecode.c.objc; path = CSBaseViewController.m; sourceTree = "<group>"; };
		23F2A5192122A8F6004AC881 /* CSCommonTabBarController.m */ = {isa = PBXFileReference; fileEncoding = 4; lastKnownFileType = sourcecode.c.objc; path = CSCommonTabBarController.m; sourceTree = "<group>"; };
		23F2A51A2122A8F6004AC881 /* CSCommonNavigationController.m */ = {isa = PBXFileReference; fileEncoding = 4; lastKnownFileType = sourcecode.c.objc; path = CSCommonNavigationController.m; sourceTree = "<group>"; };
		23F2A51B2122A8F6004AC881 /* CSCommonTabBarController.h */ = {isa = PBXFileReference; fileEncoding = 4; lastKnownFileType = sourcecode.c.h; path = CSCommonTabBarController.h; sourceTree = "<group>"; };
		23F2A51C2122A8F6004AC881 /* CSBaseViewController.h */ = {isa = PBXFileReference; fileEncoding = 4; lastKnownFileType = sourcecode.c.h; path = CSBaseViewController.h; sourceTree = "<group>"; };
		23F2A51D2122A8F6004AC881 /* CSCommonNavigationController.h */ = {isa = PBXFileReference; fileEncoding = 4; lastKnownFileType = sourcecode.c.h; path = CSCommonNavigationController.h; sourceTree = "<group>"; };
		23F2A5272122AB64004AC881 /* LoginInViewController.h */ = {isa = PBXFileReference; lastKnownFileType = sourcecode.c.h; path = LoginInViewController.h; sourceTree = "<group>"; };
		23F2A5282122AB64004AC881 /* LoginInViewController.m */ = {isa = PBXFileReference; lastKnownFileType = sourcecode.c.objc; path = LoginInViewController.m; sourceTree = "<group>"; };
		23F2A5292122AB64004AC881 /* LoginInViewController.xib */ = {isa = PBXFileReference; lastKnownFileType = file.xib; path = LoginInViewController.xib; sourceTree = "<group>"; };
		A8F2A047420A627431B314DC /* libPods-ShangBiao.a */ = {isa = PBXFileReference; explicitFileType = archive.ar; includeInIndex = 0; path = "libPods-ShangBiao.a"; sourceTree = BUILT_PRODUCTS_DIR; };
		BBC44FE5843E8B068864081B /* Pods-ShangBiao.release.xcconfig */ = {isa = PBXFileReference; includeInIndex = 1; lastKnownFileType = text.xcconfig; name = "Pods-ShangBiao.release.xcconfig"; path = "Pods/Target Support Files/Pods-ShangBiao/Pods-ShangBiao.release.xcconfig"; sourceTree = "<group>"; };
/* End PBXFileReference section */

/* Begin PBXFrameworksBuildPhase section */
		2334AC622122712E00694ED7 /* Frameworks */ = {
			isa = PBXFrameworksBuildPhase;
			buildActionMask = 2147483647;
			files = (
				5010968795820614BCF69A19 /* libPods-ShangBiao.a in Frameworks */,
			);
			runOnlyForDeploymentPostprocessing = 0;
		};
/* End PBXFrameworksBuildPhase section */

/* Begin PBXGroup section */
		2334AC5C2122712E00694ED7 = {
			isa = PBXGroup;
			children = (
				2334AC672122712E00694ED7 /* ShangBiao */,
				2334AC662122712E00694ED7 /* Products */,
				D785A365AA10E7539734DEFB /* Pods */,
				3873E60EDF13BA17B25D7132 /* Frameworks */,
			);
			sourceTree = "<group>";
		};
		2334AC662122712E00694ED7 /* Products */ = {
			isa = PBXGroup;
			children = (
				2334AC652122712E00694ED7 /* ShangBiao.app */,
			);
			name = Products;
			sourceTree = "<group>";
		};
		2334AC672122712E00694ED7 /* ShangBiao */ = {
			isa = PBXGroup;
			children = (
				234C309A213CE1DA00C13551 /* Mine */,
				234C3096213CE1C100C13551 /* RegisterBrand */,
				234C308E213CE18900C13551 /* sendOut */,
				234C3092213CE1AD00C13551 /* MakeDeal */,
				234C308A213CE16500C13551 /* FirstPage */,
				23F2A5232122AB36004AC881 /* Login */,
				23F2A5172122A8F6004AC881 /* CommonController */,
				23F2A5012122A2A0004AC881 /* NetWorkingManage */,
				2334AC7F2122730C00694ED7 /* Library */,
				2334AC802122730C00694ED7 /* Tools */,
				2334AC822122730C00694ED7 /* other */,
			);
			path = ShangBiao;
			sourceTree = "<group>";
		};
		2334AC7F2122730C00694ED7 /* Library */ = {
			isa = PBXGroup;
			children = (
			);
			path = Library;
			sourceTree = "<group>";
		};
		2334AC802122730C00694ED7 /* Tools */ = {
			isa = PBXGroup;
			children = (
				2367025E2150C7E8006C512E /* AddressPickerView */,
				236C0D1D214BA8C900FE58D4 /* SelectPhotoManager.h */,
				236C0D1E214BA8E900FE58D4 /* SelectPhotoManager.m */,
				23C8F963213E5D22001A1B7F /* UIView+CSSExtension.h */,
				23C8F962213E5D22001A1B7F /* UIView+CSSExtension.m */,
				23F2A5102122A3A7004AC881 /* UIColor+ChangeSixteenColor.h */,
				23F2A50F2122A3A7004AC881 /* UIColor+ChangeSixteenColor.m */,
				23F2A5122122A3A7004AC881 /* UIView+Extension.h */,
				2367026D2151F8A6006C512E /* superClassId.json */,
				2367027721521838006C512E /* category.json */,
				23F2A5112122A3A7004AC881 /* UIView+Extension.m */,
				23F2A50C2122A38B004AC881 /* CSUtility.h */,
				23F2A50D2122A38B004AC881 /* CSUtility.m */,
				234C30B4213D180900C13551 /* CSParseManager.h */,
				234C30B5213D180900C13551 /* CSParseManager.m */,
				236C0D88214FEE3700FE58D4 /* CSImagePickerViewController.h */,
				236C0D89214FEE3700FE58D4 /* CSImagePickerViewController.m */,
			);
			path = Tools;
			sourceTree = "<group>";
		};
		2334AC822122730C00694ED7 /* other */ = {
			isa = PBXGroup;
			children = (
				2334AC682122712E00694ED7 /* AppDelegate.h */,
				2334AC692122712E00694ED7 /* AppDelegate.m */,
				23F2A5152122A415004AC881 /* BrandPrefixHeader.pch */,
				23F2A5162122A4D3004AC881 /* CSColorAndFont.h */,
				2334AC712122713000694ED7 /* Assets.xcassets */,
				2334AC732122713000694ED7 /* LaunchScreen.storyboard */,
				2334AC762122713000694ED7 /* Info.plist */,
				2334AC772122713000694ED7 /* main.m */,
			);
			path = other;
			sourceTree = "<group>";
		};
		234C308A213CE16500C13551 /* FirstPage */ = {
			isa = PBXGroup;
			children = (
				234C308B213CE16500C13551 /* Controller */,
				234C308C213CE16500C13551 /* Model */,
				234C308D213CE16500C13551 /* View */,
			);
			path = FirstPage;
			sourceTree = "<group>";
		};
		234C308B213CE16500C13551 /* Controller */ = {
			isa = PBXGroup;
			children = (
				234C309E213CE7BA00C13551 /* HomePageViewController.h */,
				234C309F213CE7BA00C13551 /* HomePageViewController.m */,
				23C8F95D213E2B3F001A1B7F /* ProductDetailViewController.h */,
				23C8F95E213E2B3F001A1B7F /* ProductDetailViewController.m */,
				23C8F95F213E2B3F001A1B7F /* ProductDetailViewController.xib */,
				23C56E37213ED0D9008D519D /* SearchResultViewController.h */,
				23C56E38213ED0D9008D519D /* SearchResultViewController.m */,
				23C56E39213ED0D9008D519D /* SearchResultViewController.xib */,
				23C56E3C213F74DC008D519D /* AllClassTypeViewController.h */,
				23C56E3D213F74DC008D519D /* AllClassTypeViewController.m */,
				23C56E3E213F74DC008D519D /* AllClassTypeViewController.xib */,
				23C56E48213FAB4A008D519D /* SystemSearchViewController.h */,
				23C56E49213FAB4A008D519D /* SystemSearchViewController.m */,
				23C56E4A213FAB4A008D519D /* SystemSearchViewController.xib */,
				23B2A013215F7ABC0015829C /* SearchFreeViewController.h */,
				23B2A014215F7ABC0015829C /* SearchFreeViewController.m */,
				23B2A015215F7ABC0015829C /* SearchFreeViewController.xib */,
			);
			path = Controller;
			sourceTree = "<group>";
		};
		234C308C213CE16500C13551 /* Model */ = {
			isa = PBXGroup;
			children = (
				234C30AF213D13DF00C13551 /* HomePageModel.h */,
				234C30B0213D13DF00C13551 /* HomePageModel.m */,
				23B793B1215F7E9C00D56321 /* SearchFreeResultModel.h */,
				23B793B2215F7E9C00D56321 /* SearchFreeResultModel.m */,
			);
			path = Model;
			sourceTree = "<group>";
		};
		234C308D213CE16500C13551 /* View */ = {
			isa = PBXGroup;
			children = (
				234C30B7213D1D6E00C13551 /* HomePageTableViewCell.h */,
				234C30B8213D1D6E00C13551 /* HomePageTableViewCell.m */,
				234C30B9213D1D6E00C13551 /* HomePageTableViewCell.xib */,
				23C8F953213D36E4001A1B7F /* HotProductTableViewCell.h */,
				23C8F954213D36E4001A1B7F /* HotProductTableViewCell.m */,
				23C8F955213D36E4001A1B7F /* HotProductTableViewCell.xib */,
				23C8F958213D47DA001A1B7F /* HomePageBrandTableViewCell.h */,
				23C8F959213D47DA001A1B7F /* HomePageBrandTableViewCell.m */,
				23C8F95A213D47DA001A1B7F /* HomePageBrandTableViewCell.xib */,
				23C56E41213F7559008D519D /* AllClassCollectionViewCell.h */,
				23C56E42213F7559008D519D /* AllClassCollectionViewCell.m */,
				23C56E43213F7559008D519D /* AllClassCollectionViewCell.xib */,
				236C0D40214F7EE600FE58D4 /* CSTitleSearchView.h */,
				236C0D41214F7EE600FE58D4 /* CSTitleSearchView.m */,
				23B2A018215F7CC20015829C /* SearchFreeTableViewCell.h */,
				23B2A019215F7CC20015829C /* SearchFreeTableViewCell.m */,
				23B2A01A215F7CC20015829C /* SearchFreeTableViewCell.xib */,
			);
			path = View;
			sourceTree = "<group>";
		};
		234C308E213CE18900C13551 /* sendOut */ = {
			isa = PBXGroup;
			children = (
				234C308F213CE18900C13551 /* Controller */,
				234C3090213CE18900C13551 /* Model */,
				234C3091213CE18900C13551 /* View */,
			);
			path = sendOut;
			sourceTree = "<group>";
		};
		234C308F213CE18900C13551 /* Controller */ = {
			isa = PBXGroup;
			children = (
				236C0D48214FA72700FE58D4 /* TwoKindsSendOutViewController.h */,
				236C0D49214FA72700FE58D4 /* TwoKindsSendOutViewController.m */,
				236C0D55214FC8EB00FE58D4 /* SendOutBrandViewController.h */,
				236C0D56214FC8EB00FE58D4 /* SendOutBrandViewController.m */,
				236C0D57214FC8EB00FE58D4 /* SendOutBrandViewController.xib */,
			);
			path = Controller;
			sourceTree = "<group>";
		};
		234C3090213CE18900C13551 /* Model */ = {
			isa = PBXGroup;
			children = (
				2342C51E21410C94003B682A /* SendOutModel.h */,
				2342C51F21410C94003B682A /* SendOutModel.m */,
			);
			path = Model;
			sourceTree = "<group>";
		};
		234C3091213CE18900C13551 /* View */ = {
			isa = PBXGroup;
			children = (
				2342C519214106B8003B682A /* SendOutTableViewCell.h */,
				2342C51A214106B8003B682A /* SendOutTableViewCell.m */,
				2342C51B214106B8003B682A /* SendOutTableViewCell.xib */,
				2387E37721424FB100A9C76C /* SendOutDataTableViewCell.h */,
				2387E37821424FB100A9C76C /* SendOutDataTableViewCell.m */,
				2387E37921424FB100A9C76C /* SendOutDataTableViewCell.xib */,
				236C0D5A214FCEC700FE58D4 /* SendOutBrandTableViewCell.h */,
				236C0D5B214FCEC700FE58D4 /* SendOutBrandTableViewCell.m */,
				236C0D5C214FCEC700FE58D4 /* SendOutBrandTableViewCell.xib */,
			);
			path = View;
			sourceTree = "<group>";
		};
		234C3092213CE1AD00C13551 /* MakeDeal */ = {
			isa = PBXGroup;
			children = (
				234C3093213CE1AD00C13551 /* Controller */,
				234C3094213CE1AD00C13551 /* Model */,
				234C3095213CE1AD00C13551 /* View */,
			);
			path = MakeDeal;
			sourceTree = "<group>";
		};
		234C3093213CE1AD00C13551 /* Controller */ = {
			isa = PBXGroup;
			children = (
				234C30A1213CE7C900C13551 /* MakeDealViewController.h */,
				234C30A2213CE7C900C13551 /* MakeDealViewController.m */,
			);
			path = Controller;
			sourceTree = "<group>";
		};
		234C3094213CE1AD00C13551 /* Model */ = {
			isa = PBXGroup;
			children = (
			);
			path = Model;
			sourceTree = "<group>";
		};
		234C3095213CE1AD00C13551 /* View */ = {
			isa = PBXGroup;
			children = (
			);
			path = View;
			sourceTree = "<group>";
		};
		234C3096213CE1C100C13551 /* RegisterBrand */ = {
			isa = PBXGroup;
			children = (
				234C3097213CE1C100C13551 /* Controller */,
				234C3098213CE1C100C13551 /* Model */,
				234C3099213CE1C100C13551 /* View */,
			);
			path = RegisterBrand;
			sourceTree = "<group>";
		};
		234C3097213CE1C100C13551 /* Controller */ = {
			isa = PBXGroup;
			children = (
				234C30A7213CE7E200C13551 /* RegisterBrandViewController.h */,
				234C30A8213CE7E200C13551 /* RegisterBrandViewController.m */,
				236C0D0F214B973400FE58D4 /* RegisterFirstStepViewController.h */,
				236C0D10214B973400FE58D4 /* RegisterFirstStepViewController.m */,
				236C0D11214B973400FE58D4 /* RegisterFirstStepViewController.xib */,
				236C0D39214BD4AE00FE58D4 /* RegisterSecondStepViewController.h */,
				236C0D3A214BD4AE00FE58D4 /* RegisterSecondStepViewController.m */,
				236C0D3B214BD4AE00FE58D4 /* RegisterSecondStepViewController.xib */,
				239B1F8B21522AD000EAA387 /* RegisterSureOrderViewController.h */,
				239B1F8C21522AD000EAA387 /* RegisterSureOrderViewController.m */,
				239B1F8D21522AD000EAA387 /* RegisterSureOrderViewController.xib */,
			);
			path = Controller;
			sourceTree = "<group>";
		};
		234C3098213CE1C100C13551 /* Model */ = {
			isa = PBXGroup;
			children = (
				2367026F2151FBAC006C512E /* SuperClassIdModel.h */,
				236702702151FBAC006C512E /* SuperClassIdModel.m */,
				2367027921521AA7006C512E /* CategoryClassIdModel.h */,
				2367027A21521AA7006C512E /* CategoryClassIdModel.m */,
			);
			path = Model;
			sourceTree = "<group>";
		};
		234C3099213CE1C100C13551 /* View */ = {
			isa = PBXGroup;
			children = (
				236C0D20214BAA5E00FE58D4 /* RegisterFirstStepImageTableViewCell.h */,
				236C0D21214BAA5E00FE58D4 /* RegisterFirstStepImageTableViewCell.m */,
				236C0D22214BAA5E00FE58D4 /* RegisterFirstStepImageTableViewCell.xib */,
				236C0D25214BB2B000FE58D4 /* RegisterFirstStepExplainTableViewCell.h */,
				236C0D26214BB2B000FE58D4 /* RegisterFirstStepExplainTableViewCell.m */,
				236C0D27214BB2B000FE58D4 /* RegisterFirstStepExplainTableViewCell.xib */,
				236C0D2A214BB6C100FE58D4 /* RegisterFirstStepButtonTableViewCell.h */,
				236C0D2B214BB6C100FE58D4 /* RegisterFirstStepButtonTableViewCell.m */,
				236C0D2C214BB6C100FE58D4 /* RegisterFirstStepButtonTableViewCell.xib */,
				236C0D2F214BB8B000FE58D4 /* RegisterFirstStepApplyPersonTableViewCell.h */,
				236C0D30214BB8B000FE58D4 /* RegisterFirstStepApplyPersonTableViewCell.m */,
				236C0D31214BB8B000FE58D4 /* RegisterFirstStepApplyPersonTableViewCell.xib */,
				236C0D34214BB92300FE58D4 /* RegisterFirstStepNameTableViewCell.h */,
				236C0D35214BB92300FE58D4 /* RegisterFirstStepNameTableViewCell.m */,
				236C0D36214BB92300FE58D4 /* RegisterFirstStepNameTableViewCell.xib */,
				236702722151FC4D006C512E /* SuperClassIdTableViewCell.h */,
				236702732151FC4D006C512E /* SuperClassIdTableViewCell.m */,
				236702742151FC4D006C512E /* SuperClassIdTableViewCell.xib */,
				2367027C21521D6A006C512E /* RegisterSecondStepCollectionViewCell.h */,
				2367027D21521D6A006C512E /* RegisterSecondStepCollectionViewCell.m */,
				2367027E21521D6A006C512E /* RegisterSecondStepCollectionViewCell.xib */,
				239B1F84215224C800EAA387 /* RegisterSecondStepCollectionReusableView.h */,
				239B1F85215224C800EAA387 /* RegisterSecondStepCollectionReusableView.m */,
				239B1F86215224C800EAA387 /* RegisterSecondStepCollectionReusableView.xib */,
				239B1F99215273E500EAA387 /* RegisterTitleCollectionViewCell.h */,
				239B1F9A215273E500EAA387 /* RegisterTitleCollectionViewCell.m */,
				239B1F9B215273E500EAA387 /* RegisterTitleCollectionViewCell.xib */,
			);
			path = View;
			sourceTree = "<group>";
		};
		234C309A213CE1DA00C13551 /* Mine */ = {
			isa = PBXGroup;
			children = (
				234C309B213CE1DA00C13551 /* Controller */,
				234C309C213CE1DA00C13551 /* Model */,
				234C309D213CE1DA00C13551 /* View */,
			);
			path = Mine;
			sourceTree = "<group>";
		};
		234C309B213CE1DA00C13551 /* Controller */ = {
			isa = PBXGroup;
			children = (
				234C30AA213CE7EC00C13551 /* MineViewController.h */,
				234C30AB213CE7EC00C13551 /* MineViewController.m */,
				236C0D5F214FDADA00FE58D4 /* MySendOutBrandViewController.h */,
				236C0D60214FDADA00FE58D4 /* MySendOutBrandViewController.m */,
				236C0D61214FDADA00FE58D4 /* MySendOutBrandViewController.xib */,
				236C0D64214FDAEF00FE58D4 /* MyRegisterBrandViewController.h */,
				236C0D65214FDAEF00FE58D4 /* MyRegisterBrandViewController.m */,
				236C0D66214FDAEF00FE58D4 /* MyRegisterBrandViewController.xib */,
				236C0D69214FDB4000FE58D4 /* ApplyPersonListViewController.h */,
				236C0D6A214FDB4000FE58D4 /* ApplyPersonListViewController.m */,
				236C0D6B214FDB4000FE58D4 /* ApplyPersonListViewController.xib */,
				236C0D83214FE9A700FE58D4 /* NewApplyPersonViewController.h */,
				236C0D84214FE9A700FE58D4 /* NewApplyPersonViewController.m */,
				236C0D85214FE9A700FE58D4 /* NewApplyPersonViewController.xib */,
			);
			path = Controller;
			sourceTree = "<group>";
		};
		234C309C213CE1DA00C13551 /* Model */ = {
			isa = PBXGroup;
			children = (
				236C0D73214FDCB600FE58D4 /* MySendOutListModel.h */,
				236C0D74214FDCB600FE58D4 /* MySendOutListModel.m */,
				236C0D7B214FE40C00FE58D4 /* ApplyPersonListModel.h */,
				236C0D7C214FE40C00FE58D4 /* ApplyPersonListModel.m */,
				2367025921509ACA006C512E /* NewApplyPersonModel.h */,
				2367025A21509ACA006C512E /* NewApplyPersonModel.m */,
			);
			path = Model;
			sourceTree = "<group>";
		};
		234C309D213CE1DA00C13551 /* View */ = {
			isa = PBXGroup;
			children = (
				236C0D43214F9EE000FE58D4 /* MineTableViewCell.h */,
				236C0D44214F9EE000FE58D4 /* MineTableViewCell.m */,
				236C0D45214F9EE000FE58D4 /* MineTableViewCell.xib */,
				236C0D6E214FDC9500FE58D4 /* MySendOutBrandTableViewCell.h */,
				236C0D6F214FDC9500FE58D4 /* MySendOutBrandTableViewCell.m */,
				236C0D70214FDC9500FE58D4 /* MySendOutBrandTableViewCell.xib */,
				236C0D76214FDF3C00FE58D4 /* MySendoutRegisterTableViewCell.h */,
				236C0D77214FDF3C00FE58D4 /* MySendoutRegisterTableViewCell.m */,
				236C0D78214FDF3C00FE58D4 /* MySendoutRegisterTableViewCell.xib */,
				236C0D7E214FE48600FE58D4 /* ApplyPersonListTableViewCell.h */,
				236C0D7F214FE48600FE58D4 /* ApplyPersonListTableViewCell.m */,
				236C0D80214FE48600FE58D4 /* ApplyPersonListTableViewCell.xib */,
				2367024A21509883006C512E /* NewApplyPersonButtonTableViewCell.h */,
				2367024B21509883006C512E /* NewApplyPersonButtonTableViewCell.m */,
				2367024C21509883006C512E /* NewApplyPersonButtonTableViewCell.xib */,
				2367024F2150992E006C512E /* NewApplyPersonImageViewTableViewCell.h */,
				236702502150992E006C512E /* NewApplyPersonImageViewTableViewCell.m */,
				236702512150992E006C512E /* NewApplyPersonImageViewTableViewCell.xib */,
				2367025421509A3C006C512E /* NewApplyPersonTextFieldTableViewCell.h */,
				2367025521509A3C006C512E /* NewApplyPersonTextFieldTableViewCell.m */,
				2367025621509A3C006C512E /* NewApplyPersonTextFieldTableViewCell.xib */,
			);
			path = View;
			sourceTree = "<group>";
		};
		2367025E2150C7E8006C512E /* AddressPickerView */ = {
			isa = PBXGroup;
			children = (
				2367025F2150C7E8006C512E /* CZHAddressPickerView.m */,
				236702602150C7E8006C512E /* AddressPickerHeader.h */,
				236702612150C7E8006C512E /* UIView+CZHExtension.h */,
				236702622150C7E8006C512E /* UIButton+CZHExtension.h */,
				236702632150C7E8006C512E /* CZHAddressPickerView.h */,
				236702642150C7E8006C512E /* city.plist */,
				236702652150C7E8006C512E /* UIView+CZHExtension.m */,
				236702662150C7E8006C512E /* UIButton+CZHExtension.m */,
			);
			path = AddressPickerView;
			sourceTree = "<group>";
		};
		23F2A5012122A2A0004AC881 /* NetWorkingManage */ = {
			isa = PBXGroup;
			children = (
				23F2A5072122A2A0004AC881 /* CSNetworkingManager.h */,
				23F2A5022122A2A0004AC881 /* CSNetworkingManager.m */,
				23F2A5052122A2A0004AC881 /* HandleRequestTool.h */,
				23F2A5042122A2A0004AC881 /* HandleRequestTool.m */,
				23F2A5082122A2A0004AC881 /* InternetAddress.h */,
			);
			path = NetWorkingManage;
			sourceTree = "<group>";
		};
		23F2A5172122A8F6004AC881 /* CommonController */ = {
			isa = PBXGroup;
			children = (
				23F2A51C2122A8F6004AC881 /* CSBaseViewController.h */,
				23F2A5182122A8F6004AC881 /* CSBaseViewController.m */,
				23F2A51B2122A8F6004AC881 /* CSCommonTabBarController.h */,
				23F2A5192122A8F6004AC881 /* CSCommonTabBarController.m */,
				23F2A51D2122A8F6004AC881 /* CSCommonNavigationController.h */,
				23F2A51A2122A8F6004AC881 /* CSCommonNavigationController.m */,
				2334AC6E2122712E00694ED7 /* Main.storyboard */,
			);
			path = CommonController;
			sourceTree = "<group>";
		};
		23F2A5232122AB36004AC881 /* Login */ = {
			isa = PBXGroup;
			children = (
				23F2A5242122AB36004AC881 /* Controller */,
				23F2A5252122AB36004AC881 /* Model */,
				23F2A5262122AB36004AC881 /* View */,
			);
			path = Login;
			sourceTree = "<group>";
		};
		23F2A5242122AB36004AC881 /* Controller */ = {
			isa = PBXGroup;
			children = (
				23F2A5272122AB64004AC881 /* LoginInViewController.h */,
				23F2A5282122AB64004AC881 /* LoginInViewController.m */,
				23F2A5292122AB64004AC881 /* LoginInViewController.xib */,
				234C3083213CD36700C13551 /* RegisterViewController.h */,
				234C3084213CD36700C13551 /* RegisterViewController.m */,
				234C3085213CD36700C13551 /* RegisterViewController.xib */,
			);
			path = Controller;
			sourceTree = "<group>";
		};
		23F2A5252122AB36004AC881 /* Model */ = {
			isa = PBXGroup;
			children = (
			);
			path = Model;
			sourceTree = "<group>";
		};
		23F2A5262122AB36004AC881 /* View */ = {
			isa = PBXGroup;
			children = (
			);
			path = View;
			sourceTree = "<group>";
		};
		3873E60EDF13BA17B25D7132 /* Frameworks */ = {
			isa = PBXGroup;
			children = (
				A8F2A047420A627431B314DC /* libPods-ShangBiao.a */,
			);
			name = Frameworks;
			sourceTree = "<group>";
		};
		D785A365AA10E7539734DEFB /* Pods */ = {
			isa = PBXGroup;
			children = (
				0C49BFB3950421E34067C242 /* Pods-ShangBiao.debug.xcconfig */,
				BBC44FE5843E8B068864081B /* Pods-ShangBiao.release.xcconfig */,
			);
			name = Pods;
			sourceTree = "<group>";
		};
/* End PBXGroup section */

/* Begin PBXNativeTarget section */
		2334AC642122712E00694ED7 /* ShangBiao */ = {
			isa = PBXNativeTarget;
			buildConfigurationList = 2334AC7B2122713000694ED7 /* Build configuration list for PBXNativeTarget "ShangBiao" */;
			buildPhases = (
				D934573DB0B8AB3F1BB013B7 /* [CP] Check Pods Manifest.lock */,
				2334AC612122712E00694ED7 /* Sources */,
				2334AC622122712E00694ED7 /* Frameworks */,
				2334AC632122712E00694ED7 /* Resources */,
				6A81C7E9E94AF3FFF2D86DC8 /* [CP] Copy Pods Resources */,
			);
			buildRules = (
			);
			dependencies = (
			);
			name = ShangBiao;
			productName = ShangBiao;
			productReference = 2334AC652122712E00694ED7 /* ShangBiao.app */;
			productType = "com.apple.product-type.application";
		};
/* End PBXNativeTarget section */

/* Begin PBXProject section */
		2334AC5D2122712E00694ED7 /* Project object */ = {
			isa = PBXProject;
			attributes = {
				LastUpgradeCheck = 0940;
				ORGANIZATIONNAME = "Jackson cheng";
				TargetAttributes = {
					2334AC642122712E00694ED7 = {
						CreatedOnToolsVersion = 9.4.1;
					};
				};
			};
			buildConfigurationList = 2334AC602122712E00694ED7 /* Build configuration list for PBXProject "ShangBiao" */;
			compatibilityVersion = "Xcode 9.3";
			developmentRegion = en;
			hasScannedForEncodings = 0;
			knownRegions = (
				en,
				Base,
			);
			mainGroup = 2334AC5C2122712E00694ED7;
			productRefGroup = 2334AC662122712E00694ED7 /* Products */;
			projectDirPath = "";
			projectRoot = "";
			targets = (
				2334AC642122712E00694ED7 /* ShangBiao */,
			);
		};
/* End PBXProject section */

/* Begin PBXResourcesBuildPhase section */
		2334AC632122712E00694ED7 /* Resources */ = {
			isa = PBXResourcesBuildPhase;
			buildActionMask = 2147483647;
			files = (
				236C0D24214BAA5E00FE58D4 /* RegisterFirstStepImageTableViewCell.xib in Resources */,
				23C56E4C213FAB4A008D519D /* SystemSearchViewController.xib in Resources */,
				236C0D63214FDADA00FE58D4 /* MySendOutBrandViewController.xib in Resources */,
				2334AC752122713000694ED7 /* LaunchScreen.storyboard in Resources */,
				23B2A017215F7ABC0015829C /* SearchFreeViewController.xib in Resources */,
				234C3087213CD36700C13551 /* RegisterViewController.xib in Resources */,
				236C0D38214BB92300FE58D4 /* RegisterFirstStepNameTableViewCell.xib in Resources */,
				239B1F9D215273E500EAA387 /* RegisterTitleCollectionViewCell.xib in Resources */,
				2367027821521839006C512E /* category.json in Resources */,
				236C0D6D214FDB4000FE58D4 /* ApplyPersonListViewController.xib in Resources */,
				2367025821509A3C006C512E /* NewApplyPersonTextFieldTableViewCell.xib in Resources */,
				23F2A52B2122AB64004AC881 /* LoginInViewController.xib in Resources */,
				236C0D5E214FCEC700FE58D4 /* SendOutBrandTableViewCell.xib in Resources */,
				23C8F957213D36E4001A1B7F /* HotProductTableViewCell.xib in Resources */,
				2334AC722122713000694ED7 /* Assets.xcassets in Resources */,
				236702762151FC4D006C512E /* SuperClassIdTableViewCell.xib in Resources */,
				236C0D68214FDAEF00FE58D4 /* MyRegisterBrandViewController.xib in Resources */,
				236C0D33214BB8B000FE58D4 /* RegisterFirstStepApplyPersonTableViewCell.xib in Resources */,
				236C0D3D214BD4AE00FE58D4 /* RegisterSecondStepViewController.xib in Resources */,
				236C0D87214FE9A700FE58D4 /* NewApplyPersonViewController.xib in Resources */,
				23C56E3B213ED0D9008D519D /* SearchResultViewController.xib in Resources */,
				23B2A01C215F7CC20015829C /* SearchFreeTableViewCell.xib in Resources */,
				23C8F961213E2B3F001A1B7F /* ProductDetailViewController.xib in Resources */,
				2334AC702122712E00694ED7 /* Main.storyboard in Resources */,
				2387E37B21424FB100A9C76C /* SendOutDataTableViewCell.xib in Resources */,
				236C0D47214F9EE000FE58D4 /* MineTableViewCell.xib in Resources */,
				2367026E2151F8A7006C512E /* superClassId.json in Resources */,
				236702682150C7E8006C512E /* city.plist in Resources */,
				239B1F8F21522AD000EAA387 /* RegisterSureOrderViewController.xib in Resources */,
				236C0D59214FC8EB00FE58D4 /* SendOutBrandViewController.xib in Resources */,
				234C30BB213D1D6E00C13551 /* HomePageTableViewCell.xib in Resources */,
				2342C51D214106B8003B682A /* SendOutTableViewCell.xib in Resources */,
				236702532150992E006C512E /* NewApplyPersonImageViewTableViewCell.xib in Resources */,
				2367028021521D6A006C512E /* RegisterSecondStepCollectionViewCell.xib in Resources */,
				236C0D82214FE48600FE58D4 /* ApplyPersonListTableViewCell.xib in Resources */,
				236C0D2E214BB6C100FE58D4 /* RegisterFirstStepButtonTableViewCell.xib in Resources */,
				2367024E21509883006C512E /* NewApplyPersonButtonTableViewCell.xib in Resources */,
				236C0D13214B973400FE58D4 /* RegisterFirstStepViewController.xib in Resources */,
				23C56E45213F7559008D519D /* AllClassCollectionViewCell.xib in Resources */,
				236C0D7A214FDF3C00FE58D4 /* MySendoutRegisterTableViewCell.xib in Resources */,
				239B1F88215224C800EAA387 /* RegisterSecondStepCollectionReusableView.xib in Resources */,
				23C56E40213F74DC008D519D /* AllClassTypeViewController.xib in Resources */,
				236C0D72214FDC9500FE58D4 /* MySendOutBrandTableViewCell.xib in Resources */,
				23C8F95C213D47DA001A1B7F /* HomePageBrandTableViewCell.xib in Resources */,
				236C0D29214BB2B000FE58D4 /* RegisterFirstStepExplainTableViewCell.xib in Resources */,
			);
			runOnlyForDeploymentPostprocessing = 0;
		};
/* End PBXResourcesBuildPhase section */

/* Begin PBXShellScriptBuildPhase section */
		6A81C7E9E94AF3FFF2D86DC8 /* [CP] Copy Pods Resources */ = {
			isa = PBXShellScriptBuildPhase;
			buildActionMask = 2147483647;
			files = (
			);
			inputPaths = (
				"${SRCROOT}/Pods/Target Support Files/Pods-ShangBiao/Pods-ShangBiao-resources.sh",
				"${PODS_ROOT}/IQKeyboardManager/IQKeyboardManager/Resources/IQKeyboardManager.bundle",
				"${PODS_ROOT}/MJRefresh/MJRefresh/MJRefresh.bundle",
			);
			name = "[CP] Copy Pods Resources";
			outputPaths = (
				"${TARGET_BUILD_DIR}/${UNLOCALIZED_RESOURCES_FOLDER_PATH}/IQKeyboardManager.bundle",
				"${TARGET_BUILD_DIR}/${UNLOCALIZED_RESOURCES_FOLDER_PATH}/MJRefresh.bundle",
			);
			runOnlyForDeploymentPostprocessing = 0;
			shellPath = /bin/sh;
			shellScript = "\"${SRCROOT}/Pods/Target Support Files/Pods-ShangBiao/Pods-ShangBiao-resources.sh\"\n";
			showEnvVarsInLog = 0;
		};
		D934573DB0B8AB3F1BB013B7 /* [CP] Check Pods Manifest.lock */ = {
			isa = PBXShellScriptBuildPhase;
			buildActionMask = 2147483647;
			files = (
			);
			inputPaths = (
				"${PODS_PODFILE_DIR_PATH}/Podfile.lock",
				"${PODS_ROOT}/Manifest.lock",
			);
			name = "[CP] Check Pods Manifest.lock";
			outputPaths = (
				"$(DERIVED_FILE_DIR)/Pods-ShangBiao-checkManifestLockResult.txt",
			);
			runOnlyForDeploymentPostprocessing = 0;
			shellPath = /bin/sh;
			shellScript = "diff \"${PODS_PODFILE_DIR_PATH}/Podfile.lock\" \"${PODS_ROOT}/Manifest.lock\" > /dev/null\nif [ $? != 0 ] ; then\n    # print error to STDERR\n    echo \"error: The sandbox is not in sync with the Podfile.lock. Run 'pod install' or update your CocoaPods installation.\" >&2\n    exit 1\nfi\n# This output is used by Xcode 'outputs' to avoid re-running this script phase.\necho \"SUCCESS\" > \"${SCRIPT_OUTPUT_FILE_0}\"\n";
			showEnvVarsInLog = 0;
		};
/* End PBXShellScriptBuildPhase section */

/* Begin PBXSourcesBuildPhase section */
		2334AC612122712E00694ED7 /* Sources */ = {
			isa = PBXSourcesBuildPhase;
			buildActionMask = 2147483647;
			files = (
				23F2A51F2122A8F6004AC881 /* CSCommonTabBarController.m in Sources */,
				236C0D46214F9EE000FE58D4 /* MineTableViewCell.m in Sources */,
				23C56E3F213F74DC008D519D /* AllClassTypeViewController.m in Sources */,
				2367027B21521AA7006C512E /* CategoryClassIdModel.m in Sources */,
				236702712151FBAC006C512E /* SuperClassIdModel.m in Sources */,
				236C0D67214FDAEF00FE58D4 /* MyRegisterBrandViewController.m in Sources */,
				234C3086213CD36700C13551 /* RegisterViewController.m in Sources */,
				236C0D1F214BA8E900FE58D4 /* SelectPhotoManager.m in Sources */,
				23C56E3A213ED0D9008D519D /* SearchResultViewController.m in Sources */,
				236C0D62214FDADA00FE58D4 /* MySendOutBrandViewController.m in Sources */,
				23F2A51E2122A8F6004AC881 /* CSBaseViewController.m in Sources */,
				236C0D7D214FE40C00FE58D4 /* ApplyPersonListModel.m in Sources */,
				236C0D6C214FDB4000FE58D4 /* ApplyPersonListViewController.m in Sources */,
				234C30BA213D1D6E00C13551 /* HomePageTableViewCell.m in Sources */,
				234C30A9213CE7E200C13551 /* RegisterBrandViewController.m in Sources */,
				236C0D32214BB8B000FE58D4 /* RegisterFirstStepApplyPersonTableViewCell.m in Sources */,
				2387E37A21424FB100A9C76C /* SendOutDataTableViewCell.m in Sources */,
				23F2A5092122A2A0004AC881 /* CSNetworkingManager.m in Sources */,
				2342C52021410C94003B682A /* SendOutModel.m in Sources */,
				236702522150992E006C512E /* NewApplyPersonImageViewTableViewCell.m in Sources */,
				236C0D79214FDF3C00FE58D4 /* MySendoutRegisterTableViewCell.m in Sources */,
				2367027F21521D6A006C512E /* RegisterSecondStepCollectionViewCell.m in Sources */,
				234C30A3213CE7C900C13551 /* MakeDealViewController.m in Sources */,
				23C8F960213E2B3F001A1B7F /* ProductDetailViewController.m in Sources */,
				236C0D12214B973400FE58D4 /* RegisterFirstStepViewController.m in Sources */,
				23F2A5202122A8F6004AC881 /* CSCommonNavigationController.m in Sources */,
				23B2A01B215F7CC20015829C /* SearchFreeTableViewCell.m in Sources */,
				23F2A50A2122A2A0004AC881 /* HandleRequestTool.m in Sources */,
				234C30A0213CE7BA00C13551 /* HomePageViewController.m in Sources */,
				23C8F956213D36E4001A1B7F /* HotProductTableViewCell.m in Sources */,
				23B793B3215F7E9C00D56321 /* SearchFreeResultModel.m in Sources */,
				239B1F9C215273E500EAA387 /* RegisterTitleCollectionViewCell.m in Sources */,
				23F2A52A2122AB64004AC881 /* LoginInViewController.m in Sources */,
				2334AC782122713000694ED7 /* main.m in Sources */,
				236C0D71214FDC9500FE58D4 /* MySendOutBrandTableViewCell.m in Sources */,
				234C30AC213CE7EC00C13551 /* MineViewController.m in Sources */,
				23C56E44213F7559008D519D /* AllClassCollectionViewCell.m in Sources */,
				239B1F8E21522AD000EAA387 /* RegisterSureOrderViewController.m in Sources */,
				236C0D23214BAA5E00FE58D4 /* RegisterFirstStepImageTableViewCell.m in Sources */,
				236702752151FC4D006C512E /* SuperClassIdTableViewCell.m in Sources */,
				236702672150C7E8006C512E /* CZHAddressPickerView.m in Sources */,
				236702692150C7E8006C512E /* UIView+CZHExtension.m in Sources */,
				234C30B1213D13DF00C13551 /* HomePageModel.m in Sources */,
				236C0D86214FE9A700FE58D4 /* NewApplyPersonViewController.m in Sources */,
				236C0D58214FC8EB00FE58D4 /* SendOutBrandViewController.m in Sources */,
				23F2A50E2122A38B004AC881 /* CSUtility.m in Sources */,
				23B2A016215F7ABC0015829C /* SearchFreeViewController.m in Sources */,
				2367026A2150C7E8006C512E /* UIButton+CZHExtension.m in Sources */,
				236C0D3C214BD4AE00FE58D4 /* RegisterSecondStepViewController.m in Sources */,
				236C0D5D214FCEC700FE58D4 /* SendOutBrandTableViewCell.m in Sources */,
				23C8F964213E5D22001A1B7F /* UIView+CSSExtension.m in Sources */,
				23C8F95B213D47DA001A1B7F /* HomePageBrandTableViewCell.m in Sources */,
				2367025721509A3C006C512E /* NewApplyPersonTextFieldTableViewCell.m in Sources */,
				2334AC6A2122712E00694ED7 /* AppDelegate.m in Sources */,
				236C0D4A214FA72700FE58D4 /* TwoKindsSendOutViewController.m in Sources */,
				236C0D37214BB92300FE58D4 /* RegisterFirstStepNameTableViewCell.m in Sources */,
				2367024D21509883006C512E /* NewApplyPersonButtonTableViewCell.m in Sources */,
				236C0D28214BB2B000FE58D4 /* RegisterFirstStepExplainTableViewCell.m in Sources */,
				236C0D75214FDCB600FE58D4 /* MySendOutListModel.m in Sources */,
				2342C51C214106B8003B682A /* SendOutTableViewCell.m in Sources */,
				239B1F87215224C800EAA387 /* RegisterSecondStepCollectionReusableView.m in Sources */,
				236C0D81214FE48600FE58D4 /* ApplyPersonListTableViewCell.m in Sources */,
				2367025B21509ACA006C512E /* NewApplyPersonModel.m in Sources */,
				234C30B6213D180900C13551 /* CSParseManager.m in Sources */,
				236C0D8A214FEE3800FE58D4 /* CSImagePickerViewController.m in Sources */,
				23C56E4B213FAB4A008D519D /* SystemSearchViewController.m in Sources */,
				236C0D2D214BB6C100FE58D4 /* RegisterFirstStepButtonTableViewCell.m in Sources */,
				23F2A5142122A3A7004AC881 /* UIView+Extension.m in Sources */,
				23F2A5132122A3A7004AC881 /* UIColor+ChangeSixteenColor.m in Sources */,
				236C0D42214F7EE600FE58D4 /* CSTitleSearchView.m in Sources */,
			);
			runOnlyForDeploymentPostprocessing = 0;
		};
/* End PBXSourcesBuildPhase section */

/* Begin PBXVariantGroup section */
		2334AC6E2122712E00694ED7 /* Main.storyboard */ = {
			isa = PBXVariantGroup;
			children = (
				2334AC6F2122712E00694ED7 /* Base */,
			);
			name = Main.storyboard;
			sourceTree = "<group>";
		};
		2334AC732122713000694ED7 /* LaunchScreen.storyboard */ = {
			isa = PBXVariantGroup;
			children = (
				2334AC742122713000694ED7 /* Base */,
			);
			name = LaunchScreen.storyboard;
			sourceTree = "<group>";
		};
/* End PBXVariantGroup section */

/* Begin XCBuildConfiguration section */
		2334AC792122713000694ED7 /* Debug */ = {
			isa = XCBuildConfiguration;
			buildSettings = {
				ALWAYS_SEARCH_USER_PATHS = NO;
				CLANG_ANALYZER_NONNULL = YES;
				CLANG_ANALYZER_NUMBER_OBJECT_CONVERSION = YES_AGGRESSIVE;
				CLANG_CXX_LANGUAGE_STANDARD = "gnu++14";
				CLANG_CXX_LIBRARY = "libc++";
				CLANG_ENABLE_MODULES = YES;
				CLANG_ENABLE_OBJC_ARC = YES;
				CLANG_ENABLE_OBJC_WEAK = YES;
				CLANG_WARN_BLOCK_CAPTURE_AUTORELEASING = YES;
				CLANG_WARN_BOOL_CONVERSION = YES;
				CLANG_WARN_COMMA = YES;
				CLANG_WARN_CONSTANT_CONVERSION = YES;
				CLANG_WARN_DEPRECATED_OBJC_IMPLEMENTATIONS = YES;
				CLANG_WARN_DIRECT_OBJC_ISA_USAGE = YES_ERROR;
				CLANG_WARN_DOCUMENTATION_COMMENTS = YES;
				CLANG_WARN_EMPTY_BODY = YES;
				CLANG_WARN_ENUM_CONVERSION = YES;
				CLANG_WARN_INFINITE_RECURSION = YES;
				CLANG_WARN_INT_CONVERSION = YES;
				CLANG_WARN_NON_LITERAL_NULL_CONVERSION = YES;
				CLANG_WARN_OBJC_IMPLICIT_RETAIN_SELF = YES;
				CLANG_WARN_OBJC_LITERAL_CONVERSION = YES;
				CLANG_WARN_OBJC_ROOT_CLASS = YES_ERROR;
				CLANG_WARN_RANGE_LOOP_ANALYSIS = YES;
				CLANG_WARN_STRICT_PROTOTYPES = YES;
				CLANG_WARN_SUSPICIOUS_MOVE = YES;
				CLANG_WARN_UNGUARDED_AVAILABILITY = YES_AGGRESSIVE;
				CLANG_WARN_UNREACHABLE_CODE = YES;
				CLANG_WARN__DUPLICATE_METHOD_MATCH = YES;
				CODE_SIGN_IDENTITY = "iPhone Developer";
				COPY_PHASE_STRIP = NO;
				DEBUG_INFORMATION_FORMAT = dwarf;
				ENABLE_STRICT_OBJC_MSGSEND = YES;
				ENABLE_TESTABILITY = YES;
				GCC_C_LANGUAGE_STANDARD = gnu11;
				GCC_DYNAMIC_NO_PIC = NO;
				GCC_NO_COMMON_BLOCKS = YES;
				GCC_OPTIMIZATION_LEVEL = 0;
				GCC_PREPROCESSOR_DEFINITIONS = (
					"DEBUG=1",
					"$(inherited)",
				);
				GCC_WARN_64_TO_32_BIT_CONVERSION = YES;
				GCC_WARN_ABOUT_RETURN_TYPE = YES_ERROR;
				GCC_WARN_UNDECLARED_SELECTOR = YES;
				GCC_WARN_UNINITIALIZED_AUTOS = YES_AGGRESSIVE;
				GCC_WARN_UNUSED_FUNCTION = YES;
				GCC_WARN_UNUSED_VARIABLE = YES;
				IPHONEOS_DEPLOYMENT_TARGET = 11.4;
				MTL_ENABLE_DEBUG_INFO = YES;
				ONLY_ACTIVE_ARCH = YES;
				SDKROOT = iphoneos;
			};
			name = Debug;
		};
		2334AC7A2122713000694ED7 /* Release */ = {
			isa = XCBuildConfiguration;
			buildSettings = {
				ALWAYS_SEARCH_USER_PATHS = NO;
				CLANG_ANALYZER_NONNULL = YES;
				CLANG_ANALYZER_NUMBER_OBJECT_CONVERSION = YES_AGGRESSIVE;
				CLANG_CXX_LANGUAGE_STANDARD = "gnu++14";
				CLANG_CXX_LIBRARY = "libc++";
				CLANG_ENABLE_MODULES = YES;
				CLANG_ENABLE_OBJC_ARC = YES;
				CLANG_ENABLE_OBJC_WEAK = YES;
				CLANG_WARN_BLOCK_CAPTURE_AUTORELEASING = YES;
				CLANG_WARN_BOOL_CONVERSION = YES;
				CLANG_WARN_COMMA = YES;
				CLANG_WARN_CONSTANT_CONVERSION = YES;
				CLANG_WARN_DEPRECATED_OBJC_IMPLEMENTATIONS = YES;
				CLANG_WARN_DIRECT_OBJC_ISA_USAGE = YES_ERROR;
				CLANG_WARN_DOCUMENTATION_COMMENTS = YES;
				CLANG_WARN_EMPTY_BODY = YES;
				CLANG_WARN_ENUM_CONVERSION = YES;
				CLANG_WARN_INFINITE_RECURSION = YES;
				CLANG_WARN_INT_CONVERSION = YES;
				CLANG_WARN_NON_LITERAL_NULL_CONVERSION = YES;
				CLANG_WARN_OBJC_IMPLICIT_RETAIN_SELF = YES;
				CLANG_WARN_OBJC_LITERAL_CONVERSION = YES;
				CLANG_WARN_OBJC_ROOT_CLASS = YES_ERROR;
				CLANG_WARN_RANGE_LOOP_ANALYSIS = YES;
				CLANG_WARN_STRICT_PROTOTYPES = YES;
				CLANG_WARN_SUSPICIOUS_MOVE = YES;
				CLANG_WARN_UNGUARDED_AVAILABILITY = YES_AGGRESSIVE;
				CLANG_WARN_UNREACHABLE_CODE = YES;
				CLANG_WARN__DUPLICATE_METHOD_MATCH = YES;
				CODE_SIGN_IDENTITY = "iPhone Developer";
				COPY_PHASE_STRIP = NO;
				DEBUG_INFORMATION_FORMAT = "dwarf-with-dsym";
				ENABLE_NS_ASSERTIONS = NO;
				ENABLE_STRICT_OBJC_MSGSEND = YES;
				GCC_C_LANGUAGE_STANDARD = gnu11;
				GCC_NO_COMMON_BLOCKS = YES;
				GCC_WARN_64_TO_32_BIT_CONVERSION = YES;
				GCC_WARN_ABOUT_RETURN_TYPE = YES_ERROR;
				GCC_WARN_UNDECLARED_SELECTOR = YES;
				GCC_WARN_UNINITIALIZED_AUTOS = YES_AGGRESSIVE;
				GCC_WARN_UNUSED_FUNCTION = YES;
				GCC_WARN_UNUSED_VARIABLE = YES;
				IPHONEOS_DEPLOYMENT_TARGET = 11.4;
				MTL_ENABLE_DEBUG_INFO = NO;
				SDKROOT = iphoneos;
				VALIDATE_PRODUCT = YES;
			};
			name = Release;
		};
		2334AC7C2122713000694ED7 /* Debug */ = {
			isa = XCBuildConfiguration;
			baseConfigurationReference = 0C49BFB3950421E34067C242 /* Pods-ShangBiao.debug.xcconfig */;
			buildSettings = {
				ASSETCATALOG_COMPILER_APPICON_NAME = AppIcon;
				CODE_SIGN_STYLE = Automatic;
				DEVELOPMENT_TEAM = 7PP55P64TX;
				GCC_PREFIX_HEADER = ShangBiao/other/BrandPrefixHeader.pch;
				INFOPLIST_FILE = ShangBiao/other/Info.plist;
				IPHONEOS_DEPLOYMENT_TARGET = 9.0;
				LD_RUNPATH_SEARCH_PATHS = (
					"$(inherited)",
					"@executable_path/Frameworks",
				);
				ONLY_ACTIVE_ARCH = NO;
				PRODUCT_BUNDLE_IDENTIFIER = shili.com.touzike;
				PRODUCT_NAME = "$(TARGET_NAME)";
				TARGETED_DEVICE_FAMILY = 1;
			};
			name = Debug;
		};
		2334AC7D2122713000694ED7 /* Release */ = {
			isa = XCBuildConfiguration;
			baseConfigurationReference = BBC44FE5843E8B068864081B /* Pods-ShangBiao.release.xcconfig */;
			buildSettings = {
				ASSETCATALOG_COMPILER_APPICON_NAME = AppIcon;
				CODE_SIGN_STYLE = Automatic;
				DEVELOPMENT_TEAM = 7PP55P64TX;
				GCC_PREFIX_HEADER = ShangBiao/other/BrandPrefixHeader.pch;
				INFOPLIST_FILE = ShangBiao/other/Info.plist;
				IPHONEOS_DEPLOYMENT_TARGET = 9.0;
				LD_RUNPATH_SEARCH_PATHS = (
					"$(inherited)",
					"@executable_path/Frameworks",
				);
				ONLY_ACTIVE_ARCH = YES;
				PRODUCT_BUNDLE_IDENTIFIER = shili.com.touzike;
				PRODUCT_NAME = "$(TARGET_NAME)";
				TARGETED_DEVICE_FAMILY = 1;
			};
			name = Release;
		};
/* End XCBuildConfiguration section */

/* Begin XCConfigurationList section */
		2334AC602122712E00694ED7 /* Build configuration list for PBXProject "ShangBiao" */ = {
			isa = XCConfigurationList;
			buildConfigurations = (
				2334AC792122713000694ED7 /* Debug */,
				2334AC7A2122713000694ED7 /* Release */,
			);
			defaultConfigurationIsVisible = 0;
			defaultConfigurationName = Release;
		};
		2334AC7B2122713000694ED7 /* Build configuration list for PBXNativeTarget "ShangBiao" */ = {
			isa = XCConfigurationList;
			buildConfigurations = (
				2334AC7C2122713000694ED7 /* Debug */,
				2334AC7D2122713000694ED7 /* Release */,
			);
			defaultConfigurationIsVisible = 0;
			defaultConfigurationName = Release;
		};
/* End XCConfigurationList section */
	};
	rootObject = 2334AC5D2122712E00694ED7 /* Project object */;
}
