// !$*UTF8*$!
{
	archiveVersion = 1;
	classes = {
	};
	objectVersion = 50;
	objects = {

/* Begin PBXBuildFile section */
		2334AC6A2122712E00694ED7 /* AppDelegate.m in Sources */ = {isa = PBXBuildFile; fileRef = 2334AC692122712E00694ED7 /* AppDelegate.m */; };
		2334AC702122712E00694ED7 /* Main.storyboard in Resources */ = {isa = PBXBuildFile; fileRef = 2334AC6E2122712E00694ED7 /* Main.storyboard */; };
		2334AC722122713000694ED7 /* Assets.xcassets in Resources */ = {isa = PBXBuildFile; fileRef = 2334AC712122713000694ED7 /* Assets.xcassets */; };
		2334AC752122713000694ED7 /* LaunchScreen.storyboard in Resources */ = {isa = PBXBuildFile; fileRef = 2334AC732122713000694ED7 /* LaunchScreen.storyboard */; };
		2334AC782122713000694ED7 /* main.m in Sources */ = {isa = PBXBuildFile; fileRef = 2334AC772122713000694ED7 /* main.m */; };
		23F2A5092122A2A0004AC881 /* CSNetworkingManager.m in Sources */ = {isa = PBXBuildFile; fileRef = 23F2A5022122A2A0004AC881 /* CSNetworkingManager.m */; };
		23F2A50A2122A2A0004AC881 /* HandleRequestTool.m in Sources */ = {isa = PBXBuildFile; fileRef = 23F2A5042122A2A0004AC881 /* HandleRequestTool.m */; };
		23F2A50B2122A2A0004AC881 /* GetSign.m in Sources */ = {isa = PBXBuildFile; fileRef = 23F2A5062122A2A0004AC881 /* GetSign.m */; };
		23F2A50E2122A38B004AC881 /* CSUtility.m in Sources */ = {isa = PBXBuildFile; fileRef = 23F2A50D2122A38B004AC881 /* CSUtility.m */; };
		23F2A5132122A3A7004AC881 /* UIColor+ChangeSixteenColor.m in Sources */ = {isa = PBXBuildFile; fileRef = 23F2A50F2122A3A7004AC881 /* UIColor+ChangeSixteenColor.m */; };
		23F2A5142122A3A7004AC881 /* UIView+Extension.m in Sources */ = {isa = PBXBuildFile; fileRef = 23F2A5112122A3A7004AC881 /* UIView+Extension.m */; };
		23F2A51E2122A8F6004AC881 /* CSBaseViewController.m in Sources */ = {isa = PBXBuildFile; fileRef = 23F2A5182122A8F6004AC881 /* CSBaseViewController.m */; };
		23F2A51F2122A8F6004AC881 /* CSCommonTabBarController.m in Sources */ = {isa = PBXBuildFile; fileRef = 23F2A5192122A8F6004AC881 /* CSCommonTabBarController.m */; };
		23F2A5202122A8F6004AC881 /* CSCommonNavigationController.m in Sources */ = {isa = PBXBuildFile; fileRef = 23F2A51A2122A8F6004AC881 /* CSCommonNavigationController.m */; };
		23F2A52A2122AB64004AC881 /* LoginInViewController.m in Sources */ = {isa = PBXBuildFile; fileRef = 23F2A5282122AB64004AC881 /* LoginInViewController.m */; };
		23F2A52B2122AB64004AC881 /* LoginInViewController.xib in Resources */ = {isa = PBXBuildFile; fileRef = 23F2A5292122AB64004AC881 /* LoginInViewController.xib */; };
		23F2A5332122B01C004AC881 /* HomePageViewController.m in Sources */ = {isa = PBXBuildFile; fileRef = 23F2A5322122B01C004AC881 /* HomePageViewController.m */; };
		23F2A5362122B04E004AC881 /* MineViewController.m in Sources */ = {isa = PBXBuildFile; fileRef = 23F2A5352122B04E004AC881 /* MineViewController.m */; };
		23F2A5392122B07A004AC881 /* MoreViewController.m in Sources */ = {isa = PBXBuildFile; fileRef = 23F2A5382122B07A004AC881 /* MoreViewController.m */; };
		23F2A53C2122B0B8004AC881 /* BrandViewController.m in Sources */ = {isa = PBXBuildFile; fileRef = 23F2A53B2122B0B8004AC881 /* BrandViewController.m */; };
		23F2A5422122B13C004AC881 /* PatentViewController.m in Sources */ = {isa = PBXBuildFile; fileRef = 23F2A5412122B13C004AC881 /* PatentViewController.m */; };
		5010968795820614BCF69A19 /* libPods-ShangBiao.a in Frameworks */ = {isa = PBXBuildFile; fileRef = A8F2A047420A627431B314DC /* libPods-ShangBiao.a */; };
/* End PBXBuildFile section */

/* Begin PBXFileReference section */
		0C49BFB3950421E34067C242 /* Pods-ShangBiao.debug.xcconfig */ = {isa = PBXFileReference; includeInIndex = 1; lastKnownFileType = text.xcconfig; name = "Pods-ShangBiao.debug.xcconfig"; path = "Pods/Target Support Files/Pods-ShangBiao/Pods-ShangBiao.debug.xcconfig"; sourceTree = "<group>"; };
		2334AC652122712E00694ED7 /* ShangBiao.app */ = {isa = PBXFileReference; explicitFileType = wrapper.application; includeInIndex = 0; path = ShangBiao.app; sourceTree = BUILT_PRODUCTS_DIR; };
		2334AC682122712E00694ED7 /* AppDelegate.h */ = {isa = PBXFileReference; lastKnownFileType = sourcecode.c.h; path = AppDelegate.h; sourceTree = "<group>"; };
		2334AC692122712E00694ED7 /* AppDelegate.m */ = {isa = PBXFileReference; lastKnownFileType = sourcecode.c.objc; path = AppDelegate.m; sourceTree = "<group>"; };
		2334AC6F2122712E00694ED7 /* Base */ = {isa = PBXFileReference; lastKnownFileType = file.storyboard; name = Base; path = Base.lproj/Main.storyboard; sourceTree = "<group>"; };
		2334AC712122713000694ED7 /* Assets.xcassets */ = {isa = PBXFileReference; lastKnownFileType = folder.assetcatalog; path = Assets.xcassets; sourceTree = "<group>"; };
		2334AC742122713000694ED7 /* Base */ = {isa = PBXFileReference; lastKnownFileType = file.storyboard; name = Base; path = Base.lproj/LaunchScreen.storyboard; sourceTree = "<group>"; };
		2334AC762122713000694ED7 /* Info.plist */ = {isa = PBXFileReference; lastKnownFileType = text.plist.xml; path = Info.plist; sourceTree = "<group>"; };
		2334AC772122713000694ED7 /* main.m */ = {isa = PBXFileReference; lastKnownFileType = sourcecode.c.objc; path = main.m; sourceTree = "<group>"; };
		23F2A5022122A2A0004AC881 /* CSNetworkingManager.m */ = {isa = PBXFileReference; fileEncoding = 4; lastKnownFileType = sourcecode.c.objc; path = CSNetworkingManager.m; sourceTree = "<group>"; };
		23F2A5032122A2A0004AC881 /* GetSign.h */ = {isa = PBXFileReference; fileEncoding = 4; lastKnownFileType = sourcecode.c.h; path = GetSign.h; sourceTree = "<group>"; };
		23F2A5042122A2A0004AC881 /* HandleRequestTool.m */ = {isa = PBXFileReference; fileEncoding = 4; lastKnownFileType = sourcecode.c.objc; path = HandleRequestTool.m; sourceTree = "<group>"; };
		23F2A5052122A2A0004AC881 /* HandleRequestTool.h */ = {isa = PBXFileReference; fileEncoding = 4; lastKnownFileType = sourcecode.c.h; path = HandleRequestTool.h; sourceTree = "<group>"; };
		23F2A5062122A2A0004AC881 /* GetSign.m */ = {isa = PBXFileReference; fileEncoding = 4; lastKnownFileType = sourcecode.c.objc; path = GetSign.m; sourceTree = "<group>"; };
		23F2A5072122A2A0004AC881 /* CSNetworkingManager.h */ = {isa = PBXFileReference; fileEncoding = 4; lastKnownFileType = sourcecode.c.h; path = CSNetworkingManager.h; sourceTree = "<group>"; };
		23F2A5082122A2A0004AC881 /* InternetAddress.h */ = {isa = PBXFileReference; fileEncoding = 4; lastKnownFileType = sourcecode.c.h; path = InternetAddress.h; sourceTree = "<group>"; };
		23F2A50C2122A38B004AC881 /* CSUtility.h */ = {isa = PBXFileReference; fileEncoding = 4; lastKnownFileType = sourcecode.c.h; path = CSUtility.h; sourceTree = "<group>"; };
		23F2A50D2122A38B004AC881 /* CSUtility.m */ = {isa = PBXFileReference; fileEncoding = 4; lastKnownFileType = sourcecode.c.objc; path = CSUtility.m; sourceTree = "<group>"; };
		23F2A50F2122A3A7004AC881 /* UIColor+ChangeSixteenColor.m */ = {isa = PBXFileReference; fileEncoding = 4; lastKnownFileType = sourcecode.c.objc; path = "UIColor+ChangeSixteenColor.m"; sourceTree = "<group>"; };
		23F2A5102122A3A7004AC881 /* UIColor+ChangeSixteenColor.h */ = {isa = PBXFileReference; fileEncoding = 4; lastKnownFileType = sourcecode.c.h; path = "UIColor+ChangeSixteenColor.h"; sourceTree = "<group>"; };
		23F2A5112122A3A7004AC881 /* UIView+Extension.m */ = {isa = PBXFileReference; fileEncoding = 4; lastKnownFileType = sourcecode.c.objc; path = "UIView+Extension.m"; sourceTree = "<group>"; };
		23F2A5122122A3A7004AC881 /* UIView+Extension.h */ = {isa = PBXFileReference; fileEncoding = 4; lastKnownFileType = sourcecode.c.h; path = "UIView+Extension.h"; sourceTree = "<group>"; };
		23F2A5152122A415004AC881 /* BrandPrefixHeader.pch */ = {isa = PBXFileReference; lastKnownFileType = sourcecode.c.h; path = BrandPrefixHeader.pch; sourceTree = "<group>"; };
		23F2A5162122A4D3004AC881 /* CSColorAndFont.h */ = {isa = PBXFileReference; lastKnownFileType = sourcecode.c.h; path = CSColorAndFont.h; sourceTree = "<group>"; };
		23F2A5182122A8F6004AC881 /* CSBaseViewController.m */ = {isa = PBXFileReference; fileEncoding = 4; lastKnownFileType = sourcecode.c.objc; path = CSBaseViewController.m; sourceTree = "<group>"; };
		23F2A5192122A8F6004AC881 /* CSCommonTabBarController.m */ = {isa = PBXFileReference; fileEncoding = 4; lastKnownFileType = sourcecode.c.objc; path = CSCommonTabBarController.m; sourceTree = "<group>"; };
		23F2A51A2122A8F6004AC881 /* CSCommonNavigationController.m */ = {isa = PBXFileReference; fileEncoding = 4; lastKnownFileType = sourcecode.c.objc; path = CSCommonNavigationController.m; sourceTree = "<group>"; };
		23F2A51B2122A8F6004AC881 /* CSCommonTabBarController.h */ = {isa = PBXFileReference; fileEncoding = 4; lastKnownFileType = sourcecode.c.h; path = CSCommonTabBarController.h; sourceTree = "<group>"; };
		23F2A51C2122A8F6004AC881 /* CSBaseViewController.h */ = {isa = PBXFileReference; fileEncoding = 4; lastKnownFileType = sourcecode.c.h; path = CSBaseViewController.h; sourceTree = "<group>"; };
		23F2A51D2122A8F6004AC881 /* CSCommonNavigationController.h */ = {isa = PBXFileReference; fileEncoding = 4; lastKnownFileType = sourcecode.c.h; path = CSCommonNavigationController.h; sourceTree = "<group>"; };
		23F2A5272122AB64004AC881 /* LoginInViewController.h */ = {isa = PBXFileReference; lastKnownFileType = sourcecode.c.h; path = LoginInViewController.h; sourceTree = "<group>"; };
		23F2A5282122AB64004AC881 /* LoginInViewController.m */ = {isa = PBXFileReference; lastKnownFileType = sourcecode.c.objc; path = LoginInViewController.m; sourceTree = "<group>"; };
		23F2A5292122AB64004AC881 /* LoginInViewController.xib */ = {isa = PBXFileReference; lastKnownFileType = file.xib; path = LoginInViewController.xib; sourceTree = "<group>"; };
		23F2A5312122B01C004AC881 /* HomePageViewController.h */ = {isa = PBXFileReference; lastKnownFileType = sourcecode.c.h; path = HomePageViewController.h; sourceTree = "<group>"; };
		23F2A5322122B01C004AC881 /* HomePageViewController.m */ = {isa = PBXFileReference; lastKnownFileType = sourcecode.c.objc; path = HomePageViewController.m; sourceTree = "<group>"; };
		23F2A5342122B04E004AC881 /* MineViewController.h */ = {isa = PBXFileReference; lastKnownFileType = sourcecode.c.h; path = MineViewController.h; sourceTree = "<group>"; };
		23F2A5352122B04E004AC881 /* MineViewController.m */ = {isa = PBXFileReference; lastKnownFileType = sourcecode.c.objc; path = MineViewController.m; sourceTree = "<group>"; };
		23F2A5372122B07A004AC881 /* MoreViewController.h */ = {isa = PBXFileReference; lastKnownFileType = sourcecode.c.h; path = MoreViewController.h; sourceTree = "<group>"; };
		23F2A5382122B07A004AC881 /* MoreViewController.m */ = {isa = PBXFileReference; lastKnownFileType = sourcecode.c.objc; path = MoreViewController.m; sourceTree = "<group>"; };
		23F2A53A2122B0B8004AC881 /* BrandViewController.h */ = {isa = PBXFileReference; lastKnownFileType = sourcecode.c.h; path = BrandViewController.h; sourceTree = "<group>"; };
		23F2A53B2122B0B8004AC881 /* BrandViewController.m */ = {isa = PBXFileReference; lastKnownFileType = sourcecode.c.objc; path = BrandViewController.m; sourceTree = "<group>"; };
		23F2A5402122B13C004AC881 /* PatentViewController.h */ = {isa = PBXFileReference; lastKnownFileType = sourcecode.c.h; path = PatentViewController.h; sourceTree = "<group>"; };
		23F2A5412122B13C004AC881 /* PatentViewController.m */ = {isa = PBXFileReference; lastKnownFileType = sourcecode.c.objc; path = PatentViewController.m; sourceTree = "<group>"; };
		A8F2A047420A627431B314DC /* libPods-ShangBiao.a */ = {isa = PBXFileReference; explicitFileType = archive.ar; includeInIndex = 0; path = "libPods-ShangBiao.a"; sourceTree = BUILT_PRODUCTS_DIR; };
		BBC44FE5843E8B068864081B /* Pods-ShangBiao.release.xcconfig */ = {isa = PBXFileReference; includeInIndex = 1; lastKnownFileType = text.xcconfig; name = "Pods-ShangBiao.release.xcconfig"; path = "Pods/Target Support Files/Pods-ShangBiao/Pods-ShangBiao.release.xcconfig"; sourceTree = "<group>"; };
/* End PBXFileReference section */

/* Begin PBXFrameworksBuildPhase section */
		2334AC622122712E00694ED7 /* Frameworks */ = {
			isa = PBXFrameworksBuildPhase;
			buildActionMask = 2147483647;
			files = (
				5010968795820614BCF69A19 /* libPods-ShangBiao.a in Frameworks */,
			);
			runOnlyForDeploymentPostprocessing = 0;
		};
/* End PBXFrameworksBuildPhase section */

/* Begin PBXGroup section */
		2334AC5C2122712E00694ED7 = {
			isa = PBXGroup;
			children = (
				2334AC672122712E00694ED7 /* ShangBiao */,
				2334AC662122712E00694ED7 /* Products */,
				D785A365AA10E7539734DEFB /* Pods */,
				3873E60EDF13BA17B25D7132 /* Frameworks */,
			);
			sourceTree = "<group>";
		};
		2334AC662122712E00694ED7 /* Products */ = {
			isa = PBXGroup;
			children = (
				2334AC652122712E00694ED7 /* ShangBiao.app */,
			);
			name = Products;
			sourceTree = "<group>";
		};
		2334AC672122712E00694ED7 /* ShangBiao */ = {
			isa = PBXGroup;
			children = (
				23F2A5232122AB36004AC881 /* Login */,
				23F2A5172122A8F6004AC881 /* CommonController */,
				23F2A5012122A2A0004AC881 /* NetWorkingManage */,
				2334AC7F2122730C00694ED7 /* Library */,
				2334AC802122730C00694ED7 /* Tools */,
				2334AC822122730C00694ED7 /* other */,
				2334AC7E212272FA00694ED7 /* FirstPage */,
				2334AC862122730D00694ED7 /* Mine */,
				2334AC812122730C00694ED7 /* More */,
				2334AC8A2122730D00694ED7 /* Shangbiao */,
				2334AC8E2122730D00694ED7 /* zhuanli */,
			);
			path = ShangBiao;
			sourceTree = "<group>";
		};
		2334AC7E212272FA00694ED7 /* FirstPage */ = {
			isa = PBXGroup;
			children = (
				2334AC922122736E00694ED7 /* Controllers */,
				2334AC932122736E00694ED7 /* Models */,
				2334AC942122736E00694ED7 /* VIews */,
			);
			path = FirstPage;
			sourceTree = "<group>";
		};
		2334AC7F2122730C00694ED7 /* Library */ = {
			isa = PBXGroup;
			children = (
			);
			path = Library;
			sourceTree = "<group>";
		};
		2334AC802122730C00694ED7 /* Tools */ = {
			isa = PBXGroup;
			children = (
				23F2A5102122A3A7004AC881 /* UIColor+ChangeSixteenColor.h */,
				23F2A50F2122A3A7004AC881 /* UIColor+ChangeSixteenColor.m */,
				23F2A5122122A3A7004AC881 /* UIView+Extension.h */,
				23F2A5112122A3A7004AC881 /* UIView+Extension.m */,
				23F2A50C2122A38B004AC881 /* CSUtility.h */,
				23F2A50D2122A38B004AC881 /* CSUtility.m */,
			);
			path = Tools;
			sourceTree = "<group>";
		};
		2334AC812122730C00694ED7 /* More */ = {
			isa = PBXGroup;
			children = (
				2334AC972122737B00694ED7 /* Controllers */,
				2334AC952122737B00694ED7 /* Models */,
				2334AC962122737B00694ED7 /* VIews */,
			);
			path = More;
			sourceTree = "<group>";
		};
		2334AC822122730C00694ED7 /* other */ = {
			isa = PBXGroup;
			children = (
				2334AC682122712E00694ED7 /* AppDelegate.h */,
				23F2A5152122A415004AC881 /* BrandPrefixHeader.pch */,
				23F2A5162122A4D3004AC881 /* CSColorAndFont.h */,
				2334AC692122712E00694ED7 /* AppDelegate.m */,
				2334AC712122713000694ED7 /* Assets.xcassets */,
				2334AC732122713000694ED7 /* LaunchScreen.storyboard */,
				2334AC762122713000694ED7 /* Info.plist */,
				2334AC772122713000694ED7 /* main.m */,
			);
			path = other;
			sourceTree = "<group>";
		};
		2334AC862122730D00694ED7 /* Mine */ = {
			isa = PBXGroup;
			children = (
				2334AC882122730D00694ED7 /* Controllers */,
				2334AC872122730D00694ED7 /* Models */,
				2334AC892122730D00694ED7 /* VIews */,
			);
			path = Mine;
			sourceTree = "<group>";
		};
		2334AC872122730D00694ED7 /* Models */ = {
			isa = PBXGroup;
			children = (
			);
			path = Models;
			sourceTree = "<group>";
		};
		2334AC882122730D00694ED7 /* Controllers */ = {
			isa = PBXGroup;
			children = (
				23F2A5342122B04E004AC881 /* MineViewController.h */,
				23F2A5352122B04E004AC881 /* MineViewController.m */,
			);
			path = Controllers;
			sourceTree = "<group>";
		};
		2334AC892122730D00694ED7 /* VIews */ = {
			isa = PBXGroup;
			children = (
			);
			path = VIews;
			sourceTree = "<group>";
		};
		2334AC8A2122730D00694ED7 /* Shangbiao */ = {
			isa = PBXGroup;
			children = (
				2334AC8B2122730D00694ED7 /* Models */,
				2334AC8C2122730D00694ED7 /* Controllers */,
				2334AC8D2122730D00694ED7 /* VIews */,
			);
			path = Shangbiao;
			sourceTree = "<group>";
		};
		2334AC8B2122730D00694ED7 /* Models */ = {
			isa = PBXGroup;
			children = (
			);
			path = Models;
			sourceTree = "<group>";
		};
		2334AC8C2122730D00694ED7 /* Controllers */ = {
			isa = PBXGroup;
			children = (
				23F2A53A2122B0B8004AC881 /* BrandViewController.h */,
				23F2A53B2122B0B8004AC881 /* BrandViewController.m */,
			);
			path = Controllers;
			sourceTree = "<group>";
		};
		2334AC8D2122730D00694ED7 /* VIews */ = {
			isa = PBXGroup;
			children = (
			);
			path = VIews;
			sourceTree = "<group>";
		};
		2334AC8E2122730D00694ED7 /* zhuanli */ = {
			isa = PBXGroup;
			children = (
				2334AC8F2122730D00694ED7 /* Models */,
				2334AC902122730D00694ED7 /* Controllers */,
				2334AC912122730D00694ED7 /* VIews */,
			);
			path = zhuanli;
			sourceTree = "<group>";
		};
		2334AC8F2122730D00694ED7 /* Models */ = {
			isa = PBXGroup;
			children = (
			);
			path = Models;
			sourceTree = "<group>";
		};
		2334AC902122730D00694ED7 /* Controllers */ = {
			isa = PBXGroup;
			children = (
				23F2A5402122B13C004AC881 /* PatentViewController.h */,
				23F2A5412122B13C004AC881 /* PatentViewController.m */,
			);
			path = Controllers;
			sourceTree = "<group>";
		};
		2334AC912122730D00694ED7 /* VIews */ = {
			isa = PBXGroup;
			children = (
			);
			path = VIews;
			sourceTree = "<group>";
		};
		2334AC922122736E00694ED7 /* Controllers */ = {
			isa = PBXGroup;
			children = (
				23F2A5312122B01C004AC881 /* HomePageViewController.h */,
				23F2A5322122B01C004AC881 /* HomePageViewController.m */,
			);
			path = Controllers;
			sourceTree = "<group>";
		};
		2334AC932122736E00694ED7 /* Models */ = {
			isa = PBXGroup;
			children = (
			);
			path = Models;
			sourceTree = "<group>";
		};
		2334AC942122736E00694ED7 /* VIews */ = {
			isa = PBXGroup;
			children = (
			);
			path = VIews;
			sourceTree = "<group>";
		};
		2334AC952122737B00694ED7 /* Models */ = {
			isa = PBXGroup;
			children = (
			);
			path = Models;
			sourceTree = "<group>";
		};
		2334AC962122737B00694ED7 /* VIews */ = {
			isa = PBXGroup;
			children = (
			);
			path = VIews;
			sourceTree = "<group>";
		};
		2334AC972122737B00694ED7 /* Controllers */ = {
			isa = PBXGroup;
			children = (
				23F2A5372122B07A004AC881 /* MoreViewController.h */,
				23F2A5382122B07A004AC881 /* MoreViewController.m */,
			);
			path = Controllers;
			sourceTree = "<group>";
		};
		23F2A5012122A2A0004AC881 /* NetWorkingManage */ = {
			isa = PBXGroup;
			children = (
				23F2A5072122A2A0004AC881 /* CSNetworkingManager.h */,
				23F2A5022122A2A0004AC881 /* CSNetworkingManager.m */,
				23F2A5032122A2A0004AC881 /* GetSign.h */,
				23F2A5062122A2A0004AC881 /* GetSign.m */,
				23F2A5052122A2A0004AC881 /* HandleRequestTool.h */,
				23F2A5042122A2A0004AC881 /* HandleRequestTool.m */,
				23F2A5082122A2A0004AC881 /* InternetAddress.h */,
			);
			path = NetWorkingManage;
			sourceTree = "<group>";
		};
		23F2A5172122A8F6004AC881 /* CommonController */ = {
			isa = PBXGroup;
			children = (
				23F2A51C2122A8F6004AC881 /* CSBaseViewController.h */,
				23F2A5182122A8F6004AC881 /* CSBaseViewController.m */,
				23F2A51B2122A8F6004AC881 /* CSCommonTabBarController.h */,
				23F2A5192122A8F6004AC881 /* CSCommonTabBarController.m */,
				23F2A51D2122A8F6004AC881 /* CSCommonNavigationController.h */,
				23F2A51A2122A8F6004AC881 /* CSCommonNavigationController.m */,
				2334AC6E2122712E00694ED7 /* Main.storyboard */,
			);
			path = CommonController;
			sourceTree = "<group>";
		};
		23F2A5232122AB36004AC881 /* Login */ = {
			isa = PBXGroup;
			children = (
				23F2A5242122AB36004AC881 /* Controller */,
				23F2A5252122AB36004AC881 /* Model */,
				23F2A5262122AB36004AC881 /* View */,
			);
			path = Login;
			sourceTree = "<group>";
		};
		23F2A5242122AB36004AC881 /* Controller */ = {
			isa = PBXGroup;
			children = (
				23F2A5272122AB64004AC881 /* LoginInViewController.h */,
				23F2A5282122AB64004AC881 /* LoginInViewController.m */,
				23F2A5292122AB64004AC881 /* LoginInViewController.xib */,
			);
			path = Controller;
			sourceTree = "<group>";
		};
		23F2A5252122AB36004AC881 /* Model */ = {
			isa = PBXGroup;
			children = (
			);
			path = Model;
			sourceTree = "<group>";
		};
		23F2A5262122AB36004AC881 /* View */ = {
			isa = PBXGroup;
			children = (
			);
			path = View;
			sourceTree = "<group>";
		};
		3873E60EDF13BA17B25D7132 /* Frameworks */ = {
			isa = PBXGroup;
			children = (
				A8F2A047420A627431B314DC /* libPods-ShangBiao.a */,
			);
			name = Frameworks;
			sourceTree = "<group>";
		};
		D785A365AA10E7539734DEFB /* Pods */ = {
			isa = PBXGroup;
			children = (
				0C49BFB3950421E34067C242 /* Pods-ShangBiao.debug.xcconfig */,
				BBC44FE5843E8B068864081B /* Pods-ShangBiao.release.xcconfig */,
			);
			name = Pods;
			sourceTree = "<group>";
		};
/* End PBXGroup section */

/* Begin PBXNativeTarget section */
		2334AC642122712E00694ED7 /* ShangBiao */ = {
			isa = PBXNativeTarget;
			buildConfigurationList = 2334AC7B2122713000694ED7 /* Build configuration list for PBXNativeTarget "ShangBiao" */;
			buildPhases = (
				D934573DB0B8AB3F1BB013B7 /* [CP] Check Pods Manifest.lock */,
				2334AC612122712E00694ED7 /* Sources */,
				2334AC622122712E00694ED7 /* Frameworks */,
				2334AC632122712E00694ED7 /* Resources */,
				6A81C7E9E94AF3FFF2D86DC8 /* [CP] Copy Pods Resources */,
			);
			buildRules = (
			);
			dependencies = (
			);
			name = ShangBiao;
			productName = ShangBiao;
			productReference = 2334AC652122712E00694ED7 /* ShangBiao.app */;
			productType = "com.apple.product-type.application";
		};
/* End PBXNativeTarget section */

/* Begin PBXProject section */
		2334AC5D2122712E00694ED7 /* Project object */ = {
			isa = PBXProject;
			attributes = {
				LastUpgradeCheck = 0940;
				ORGANIZATIONNAME = "Jackson cheng";
				TargetAttributes = {
					2334AC642122712E00694ED7 = {
						CreatedOnToolsVersion = 9.4.1;
					};
				};
			};
			buildConfigurationList = 2334AC602122712E00694ED7 /* Build configuration list for PBXProject "ShangBiao" */;
			compatibilityVersion = "Xcode 9.3";
			developmentRegion = en;
			hasScannedForEncodings = 0;
			knownRegions = (
				en,
				Base,
			);
			mainGroup = 2334AC5C2122712E00694ED7;
			productRefGroup = 2334AC662122712E00694ED7 /* Products */;
			projectDirPath = "";
			projectRoot = "";
			targets = (
				2334AC642122712E00694ED7 /* ShangBiao */,
			);
		};
/* End PBXProject section */

/* Begin PBXResourcesBuildPhase section */
		2334AC632122712E00694ED7 /* Resources */ = {
			isa = PBXResourcesBuildPhase;
			buildActionMask = 2147483647;
			files = (
				2334AC752122713000694ED7 /* LaunchScreen.storyboard in Resources */,
				23F2A52B2122AB64004AC881 /* LoginInViewController.xib in Resources */,
				2334AC722122713000694ED7 /* Assets.xcassets in Resources */,
				2334AC702122712E00694ED7 /* Main.storyboard in Resources */,
			);
			runOnlyForDeploymentPostprocessing = 0;
		};
/* End PBXResourcesBuildPhase section */

/* Begin PBXShellScriptBuildPhase section */
		6A81C7E9E94AF3FFF2D86DC8 /* [CP] Copy Pods Resources */ = {
			isa = PBXShellScriptBuildPhase;
			buildActionMask = 2147483647;
			files = (
			);
			inputPaths = (
				"${SRCROOT}/Pods/Target Support Files/Pods-ShangBiao/Pods-ShangBiao-resources.sh",
				"${PODS_ROOT}/IQKeyboardManager/IQKeyboardManager/Resources/IQKeyboardManager.bundle",
				"${PODS_ROOT}/MJRefresh/MJRefresh/MJRefresh.bundle",
			);
			name = "[CP] Copy Pods Resources";
			outputPaths = (
				"${TARGET_BUILD_DIR}/${UNLOCALIZED_RESOURCES_FOLDER_PATH}/IQKeyboardManager.bundle",
				"${TARGET_BUILD_DIR}/${UNLOCALIZED_RESOURCES_FOLDER_PATH}/MJRefresh.bundle",
			);
			runOnlyForDeploymentPostprocessing = 0;
			shellPath = /bin/sh;
			shellScript = "\"${SRCROOT}/Pods/Target Support Files/Pods-ShangBiao/Pods-ShangBiao-resources.sh\"\n";
			showEnvVarsInLog = 0;
		};
		D934573DB0B8AB3F1BB013B7 /* [CP] Check Pods Manifest.lock */ = {
			isa = PBXShellScriptBuildPhase;
			buildActionMask = 2147483647;
			files = (
			);
			inputPaths = (
				"${PODS_PODFILE_DIR_PATH}/Podfile.lock",
				"${PODS_ROOT}/Manifest.lock",
			);
			name = "[CP] Check Pods Manifest.lock";
			outputPaths = (
				"$(DERIVED_FILE_DIR)/Pods-ShangBiao-checkManifestLockResult.txt",
			);
			runOnlyForDeploymentPostprocessing = 0;
			shellPath = /bin/sh;
			shellScript = "diff \"${PODS_PODFILE_DIR_PATH}/Podfile.lock\" \"${PODS_ROOT}/Manifest.lock\" > /dev/null\nif [ $? != 0 ] ; then\n    # print error to STDERR\n    echo \"error: The sandbox is not in sync with the Podfile.lock. Run 'pod install' or update your CocoaPods installation.\" >&2\n    exit 1\nfi\n# This output is used by Xcode 'outputs' to avoid re-running this script phase.\necho \"SUCCESS\" > \"${SCRIPT_OUTPUT_FILE_0}\"\n";
			showEnvVarsInLog = 0;
		};
/* End PBXShellScriptBuildPhase section */

/* Begin PBXSourcesBuildPhase section */
		2334AC612122712E00694ED7 /* Sources */ = {
			isa = PBXSourcesBuildPhase;
			buildActionMask = 2147483647;
			files = (
				23F2A51F2122A8F6004AC881 /* CSCommonTabBarController.m in Sources */,
				23F2A5362122B04E004AC881 /* MineViewController.m in Sources */,
				23F2A51E2122A8F6004AC881 /* CSBaseViewController.m in Sources */,
				23F2A5092122A2A0004AC881 /* CSNetworkingManager.m in Sources */,
				23F2A5422122B13C004AC881 /* PatentViewController.m in Sources */,
				23F2A5392122B07A004AC881 /* MoreViewController.m in Sources */,
				23F2A5202122A8F6004AC881 /* CSCommonNavigationController.m in Sources */,
				23F2A53C2122B0B8004AC881 /* BrandViewController.m in Sources */,
				23F2A50A2122A2A0004AC881 /* HandleRequestTool.m in Sources */,
				23F2A52A2122AB64004AC881 /* LoginInViewController.m in Sources */,
				23F2A5332122B01C004AC881 /* HomePageViewController.m in Sources */,
				2334AC782122713000694ED7 /* main.m in Sources */,
				23F2A50B2122A2A0004AC881 /* GetSign.m in Sources */,
				23F2A50E2122A38B004AC881 /* CSUtility.m in Sources */,
				2334AC6A2122712E00694ED7 /* AppDelegate.m in Sources */,
				23F2A5142122A3A7004AC881 /* UIView+Extension.m in Sources */,
				23F2A5132122A3A7004AC881 /* UIColor+ChangeSixteenColor.m in Sources */,
			);
			runOnlyForDeploymentPostprocessing = 0;
		};
/* End PBXSourcesBuildPhase section */

/* Begin PBXVariantGroup section */
		2334AC6E2122712E00694ED7 /* Main.storyboard */ = {
			isa = PBXVariantGroup;
			children = (
				2334AC6F2122712E00694ED7 /* Base */,
			);
			name = Main.storyboard;
			sourceTree = "<group>";
		};
		2334AC732122713000694ED7 /* LaunchScreen.storyboard */ = {
			isa = PBXVariantGroup;
			children = (
				2334AC742122713000694ED7 /* Base */,
			);
			name = LaunchScreen.storyboard;
			sourceTree = "<group>";
		};
/* End PBXVariantGroup section */

/* Begin XCBuildConfiguration section */
		2334AC792122713000694ED7 /* Debug */ = {
			isa = XCBuildConfiguration;
			buildSettings = {
				ALWAYS_SEARCH_USER_PATHS = NO;
				CLANG_ANALYZER_NONNULL = YES;
				CLANG_ANALYZER_NUMBER_OBJECT_CONVERSION = YES_AGGRESSIVE;
				CLANG_CXX_LANGUAGE_STANDARD = "gnu++14";
				CLANG_CXX_LIBRARY = "libc++";
				CLANG_ENABLE_MODULES = YES;
				CLANG_ENABLE_OBJC_ARC = YES;
				CLANG_ENABLE_OBJC_WEAK = YES;
				CLANG_WARN_BLOCK_CAPTURE_AUTORELEASING = YES;
				CLANG_WARN_BOOL_CONVERSION = YES;
				CLANG_WARN_COMMA = YES;
				CLANG_WARN_CONSTANT_CONVERSION = YES;
				CLANG_WARN_DEPRECATED_OBJC_IMPLEMENTATIONS = YES;
				CLANG_WARN_DIRECT_OBJC_ISA_USAGE = YES_ERROR;
				CLANG_WARN_DOCUMENTATION_COMMENTS = YES;
				CLANG_WARN_EMPTY_BODY = YES;
				CLANG_WARN_ENUM_CONVERSION = YES;
				CLANG_WARN_INFINITE_RECURSION = YES;
				CLANG_WARN_INT_CONVERSION = YES;
				CLANG_WARN_NON_LITERAL_NULL_CONVERSION = YES;
				CLANG_WARN_OBJC_IMPLICIT_RETAIN_SELF = YES;
				CLANG_WARN_OBJC_LITERAL_CONVERSION = YES;
				CLANG_WARN_OBJC_ROOT_CLASS = YES_ERROR;
				CLANG_WARN_RANGE_LOOP_ANALYSIS = YES;
				CLANG_WARN_STRICT_PROTOTYPES = YES;
				CLANG_WARN_SUSPICIOUS_MOVE = YES;
				CLANG_WARN_UNGUARDED_AVAILABILITY = YES_AGGRESSIVE;
				CLANG_WARN_UNREACHABLE_CODE = YES;
				CLANG_WARN__DUPLICATE_METHOD_MATCH = YES;
				CODE_SIGN_IDENTITY = "iPhone Developer";
				COPY_PHASE_STRIP = NO;
				DEBUG_INFORMATION_FORMAT = dwarf;
				ENABLE_STRICT_OBJC_MSGSEND = YES;
				ENABLE_TESTABILITY = YES;
				GCC_C_LANGUAGE_STANDARD = gnu11;
				GCC_DYNAMIC_NO_PIC = NO;
				GCC_NO_COMMON_BLOCKS = YES;
				GCC_OPTIMIZATION_LEVEL = 0;
				GCC_PREPROCESSOR_DEFINITIONS = (
					"DEBUG=1",
					"$(inherited)",
				);
				GCC_WARN_64_TO_32_BIT_CONVERSION = YES;
				GCC_WARN_ABOUT_RETURN_TYPE = YES_ERROR;
				GCC_WARN_UNDECLARED_SELECTOR = YES;
				GCC_WARN_UNINITIALIZED_AUTOS = YES_AGGRESSIVE;
				GCC_WARN_UNUSED_FUNCTION = YES;
				GCC_WARN_UNUSED_VARIABLE = YES;
				IPHONEOS_DEPLOYMENT_TARGET = 11.4;
				MTL_ENABLE_DEBUG_INFO = YES;
				ONLY_ACTIVE_ARCH = YES;
				SDKROOT = iphoneos;
			};
			name = Debug;
		};
		2334AC7A2122713000694ED7 /* Release */ = {
			isa = XCBuildConfiguration;
			buildSettings = {
				ALWAYS_SEARCH_USER_PATHS = NO;
				CLANG_ANALYZER_NONNULL = YES;
				CLANG_ANALYZER_NUMBER_OBJECT_CONVERSION = YES_AGGRESSIVE;
				CLANG_CXX_LANGUAGE_STANDARD = "gnu++14";
				CLANG_CXX_LIBRARY = "libc++";
				CLANG_ENABLE_MODULES = YES;
				CLANG_ENABLE_OBJC_ARC = YES;
				CLANG_ENABLE_OBJC_WEAK = YES;
				CLANG_WARN_BLOCK_CAPTURE_AUTORELEASING = YES;
				CLANG_WARN_BOOL_CONVERSION = YES;
				CLANG_WARN_COMMA = YES;
				CLANG_WARN_CONSTANT_CONVERSION = YES;
				CLANG_WARN_DEPRECATED_OBJC_IMPLEMENTATIONS = YES;
				CLANG_WARN_DIRECT_OBJC_ISA_USAGE = YES_ERROR;
				CLANG_WARN_DOCUMENTATION_COMMENTS = YES;
				CLANG_WARN_EMPTY_BODY = YES;
				CLANG_WARN_ENUM_CONVERSION = YES;
				CLANG_WARN_INFINITE_RECURSION = YES;
				CLANG_WARN_INT_CONVERSION = YES;
				CLANG_WARN_NON_LITERAL_NULL_CONVERSION = YES;
				CLANG_WARN_OBJC_IMPLICIT_RETAIN_SELF = YES;
				CLANG_WARN_OBJC_LITERAL_CONVERSION = YES;
				CLANG_WARN_OBJC_ROOT_CLASS = YES_ERROR;
				CLANG_WARN_RANGE_LOOP_ANALYSIS = YES;
				CLANG_WARN_STRICT_PROTOTYPES = YES;
				CLANG_WARN_SUSPICIOUS_MOVE = YES;
				CLANG_WARN_UNGUARDED_AVAILABILITY = YES_AGGRESSIVE;
				CLANG_WARN_UNREACHABLE_CODE = YES;
				CLANG_WARN__DUPLICATE_METHOD_MATCH = YES;
				CODE_SIGN_IDENTITY = "iPhone Developer";
				COPY_PHASE_STRIP = NO;
				DEBUG_INFORMATION_FORMAT = "dwarf-with-dsym";
				ENABLE_NS_ASSERTIONS = NO;
				ENABLE_STRICT_OBJC_MSGSEND = YES;
				GCC_C_LANGUAGE_STANDARD = gnu11;
				GCC_NO_COMMON_BLOCKS = YES;
				GCC_WARN_64_TO_32_BIT_CONVERSION = YES;
				GCC_WARN_ABOUT_RETURN_TYPE = YES_ERROR;
				GCC_WARN_UNDECLARED_SELECTOR = YES;
				GCC_WARN_UNINITIALIZED_AUTOS = YES_AGGRESSIVE;
				GCC_WARN_UNUSED_FUNCTION = YES;
				GCC_WARN_UNUSED_VARIABLE = YES;
				IPHONEOS_DEPLOYMENT_TARGET = 11.4;
				MTL_ENABLE_DEBUG_INFO = NO;
				SDKROOT = iphoneos;
				VALIDATE_PRODUCT = YES;
			};
			name = Release;
		};
		2334AC7C2122713000694ED7 /* Debug */ = {
			isa = XCBuildConfiguration;
			baseConfigurationReference = 0C49BFB3950421E34067C242 /* Pods-ShangBiao.debug.xcconfig */;
			buildSettings = {
				ASSETCATALOG_COMPILER_APPICON_NAME = AppIcon;
				CODE_SIGN_STYLE = Automatic;
				DEVELOPMENT_TEAM = F7JC9U8436;
				GCC_PREFIX_HEADER = ShangBiao/other/BrandPrefixHeader.pch;
				INFOPLIST_FILE = ShangBiao/other/Info.plist;
				IPHONEOS_DEPLOYMENT_TARGET = 9.0;
				LD_RUNPATH_SEARCH_PATHS = (
					"$(inherited)",
					"@executable_path/Frameworks",
				);
				PRODUCT_BUNDLE_IDENTIFIER = shoubin.com.ShangBiao;
				PRODUCT_NAME = "$(TARGET_NAME)";
				TARGETED_DEVICE_FAMILY = 1;
			};
			name = Debug;
		};
		2334AC7D2122713000694ED7 /* Release */ = {
			isa = XCBuildConfiguration;
			baseConfigurationReference = BBC44FE5843E8B068864081B /* Pods-ShangBiao.release.xcconfig */;
			buildSettings = {
				ASSETCATALOG_COMPILER_APPICON_NAME = AppIcon;
				CODE_SIGN_STYLE = Automatic;
				DEVELOPMENT_TEAM = F7JC9U8436;
				GCC_PREFIX_HEADER = ShangBiao/other/BrandPrefixHeader.pch;
				INFOPLIST_FILE = ShangBiao/other/Info.plist;
				IPHONEOS_DEPLOYMENT_TARGET = 9.0;
				LD_RUNPATH_SEARCH_PATHS = (
					"$(inherited)",
					"@executable_path/Frameworks",
				);
				PRODUCT_BUNDLE_IDENTIFIER = shoubin.com.ShangBiao;
				PRODUCT_NAME = "$(TARGET_NAME)";
				TARGETED_DEVICE_FAMILY = 1;
			};
			name = Release;
		};
/* End XCBuildConfiguration section */

/* Begin XCConfigurationList section */
		2334AC602122712E00694ED7 /* Build configuration list for PBXProject "ShangBiao" */ = {
			isa = XCConfigurationList;
			buildConfigurations = (
				2334AC792122713000694ED7 /* Debug */,
				2334AC7A2122713000694ED7 /* Release */,
			);
			defaultConfigurationIsVisible = 0;
			defaultConfigurationName = Release;
		};
		2334AC7B2122713000694ED7 /* Build configuration list for PBXNativeTarget "ShangBiao" */ = {
			isa = XCConfigurationList;
			buildConfigurations = (
				2334AC7C2122713000694ED7 /* Debug */,
				2334AC7D2122713000694ED7 /* Release */,
			);
			defaultConfigurationIsVisible = 0;
			defaultConfigurationName = Release;
		};
/* End XCConfigurationList section */
	};
	rootObject = 2334AC5D2122712E00694ED7 /* Project object */;
}
